// !$*UTF8*$!
{
	archiveVersion = 1;
	classes = {
	};
	objectVersion = 51;
	objects = {

/* Begin PBXBuildFile section */
		028C294D4510910F42B5BDEC /* libPods-ImageGallery-Test.a in Frameworks */ = {isa = PBXBuildFile; fileRef = 7CEC048216A80E7279010E01 /* libPods-ImageGallery-Test.a */; };
		24077E383C8A974995B5D163 /* Pods_ImageGallery_DEV.framework in Frameworks */ = {isa = PBXBuildFile; fileRef = D627E4F83C83DA268D22BAC9 /* Pods_ImageGallery_DEV.framework */; };
		8B71A979244A4BE415AF76D3 /* Pods_ImageGallery_PROD.framework in Frameworks */ = {isa = PBXBuildFile; fileRef = 30C1736A1556C8C5E81D158D /* Pods_ImageGallery_PROD.framework */; };
		9AC1CD8BD47430747667B1C1 /* Pods_ImageGallery_STG.framework in Frameworks */ = {isa = PBXBuildFile; fileRef = 004A6CD424A21082995F4803 /* Pods_ImageGallery_STG.framework */; };
		EB07DC6A27172D7C005AD0AF /* AppDelegate.swift in Sources */ = {isa = PBXBuildFile; fileRef = EB07DC6927172D7C005AD0AF /* AppDelegate.swift */; };
		EB07DC6C27172D7C005AD0AF /* SceneDelegate.swift in Sources */ = {isa = PBXBuildFile; fileRef = EB07DC6B27172D7C005AD0AF /* SceneDelegate.swift */; };
		EB07DC7327172D7E005AD0AF /* Assets.xcassets in Resources */ = {isa = PBXBuildFile; fileRef = EB07DC7227172D7E005AD0AF /* Assets.xcassets */; };
		EB07DC7627172D7E005AD0AF /* LaunchScreen.storyboard in Resources */ = {isa = PBXBuildFile; fileRef = EB07DC7427172D7E005AD0AF /* LaunchScreen.storyboard */; };
		EB07DC8027172D91005AD0AF /* AppDelegate.swift in Sources */ = {isa = PBXBuildFile; fileRef = EB07DC6927172D7C005AD0AF /* AppDelegate.swift */; };
		EB07DC8127172D91005AD0AF /* SceneDelegate.swift in Sources */ = {isa = PBXBuildFile; fileRef = EB07DC6B27172D7C005AD0AF /* SceneDelegate.swift */; };
		EB07DC8427172D91005AD0AF /* LaunchScreen.storyboard in Resources */ = {isa = PBXBuildFile; fileRef = EB07DC7427172D7E005AD0AF /* LaunchScreen.storyboard */; };
		EB07DC8527172D91005AD0AF /* Assets.xcassets in Resources */ = {isa = PBXBuildFile; fileRef = EB07DC7227172D7E005AD0AF /* Assets.xcassets */; };
		EB07DC8F27172DA3005AD0AF /* AppDelegate.swift in Sources */ = {isa = PBXBuildFile; fileRef = EB07DC6927172D7C005AD0AF /* AppDelegate.swift */; };
		EB07DC9027172DA3005AD0AF /* SceneDelegate.swift in Sources */ = {isa = PBXBuildFile; fileRef = EB07DC6B27172D7C005AD0AF /* SceneDelegate.swift */; };
		EB07DC9327172DA3005AD0AF /* LaunchScreen.storyboard in Resources */ = {isa = PBXBuildFile; fileRef = EB07DC7427172D7E005AD0AF /* LaunchScreen.storyboard */; };
		EB07DC9427172DA3005AD0AF /* Assets.xcassets in Resources */ = {isa = PBXBuildFile; fileRef = EB07DC7227172D7E005AD0AF /* Assets.xcassets */; };
		EB07DCA5271731F0005AD0AF /* Coordinator.swift in Sources */ = {isa = PBXBuildFile; fileRef = EB07DCA4271731F0005AD0AF /* Coordinator.swift */; };
		EB07DCA6271731F0005AD0AF /* Coordinator.swift in Sources */ = {isa = PBXBuildFile; fileRef = EB07DCA4271731F0005AD0AF /* Coordinator.swift */; };
		EB07DCA7271731F0005AD0AF /* Coordinator.swift in Sources */ = {isa = PBXBuildFile; fileRef = EB07DCA4271731F0005AD0AF /* Coordinator.swift */; };
		EB07DCA927173286005AD0AF /* Coordinatable.swift in Sources */ = {isa = PBXBuildFile; fileRef = EB07DCA827173286005AD0AF /* Coordinatable.swift */; };
		EB07DCAA27173286005AD0AF /* Coordinatable.swift in Sources */ = {isa = PBXBuildFile; fileRef = EB07DCA827173286005AD0AF /* Coordinatable.swift */; };
		EB07DCAB27173286005AD0AF /* Coordinatable.swift in Sources */ = {isa = PBXBuildFile; fileRef = EB07DCA827173286005AD0AF /* Coordinatable.swift */; };
		EB07DCAD271733A4005AD0AF /* ViewModelable.swift in Sources */ = {isa = PBXBuildFile; fileRef = EB07DCAC271733A4005AD0AF /* ViewModelable.swift */; };
		EB07DCAE271733A4005AD0AF /* ViewModelable.swift in Sources */ = {isa = PBXBuildFile; fileRef = EB07DCAC271733A4005AD0AF /* ViewModelable.swift */; };
		EB07DCAF271733A4005AD0AF /* ViewModelable.swift in Sources */ = {isa = PBXBuildFile; fileRef = EB07DCAC271733A4005AD0AF /* ViewModelable.swift */; };
		EB07DCB427173534005AD0AF /* SplashViewController.swift in Sources */ = {isa = PBXBuildFile; fileRef = EB07DCB327173534005AD0AF /* SplashViewController.swift */; };
		EB07DCB527173534005AD0AF /* SplashViewController.swift in Sources */ = {isa = PBXBuildFile; fileRef = EB07DCB327173534005AD0AF /* SplashViewController.swift */; };
		EB07DCB627173534005AD0AF /* SplashViewController.swift in Sources */ = {isa = PBXBuildFile; fileRef = EB07DCB327173534005AD0AF /* SplashViewController.swift */; };
		EB07DCBC27173552005AD0AF /* SplashCoordinator.swift in Sources */ = {isa = PBXBuildFile; fileRef = EB07DCBB27173552005AD0AF /* SplashCoordinator.swift */; };
		EB07DCBD27173552005AD0AF /* SplashCoordinator.swift in Sources */ = {isa = PBXBuildFile; fileRef = EB07DCBB27173552005AD0AF /* SplashCoordinator.swift */; };
		EB07DCBE27173552005AD0AF /* SplashCoordinator.swift in Sources */ = {isa = PBXBuildFile; fileRef = EB07DCBB27173552005AD0AF /* SplashCoordinator.swift */; };
		EB07DCC1271735C4005AD0AF /* BaseCoordinator.swift in Sources */ = {isa = PBXBuildFile; fileRef = EB07DCC0271735C4005AD0AF /* BaseCoordinator.swift */; };
		EB07DCC2271735C4005AD0AF /* BaseCoordinator.swift in Sources */ = {isa = PBXBuildFile; fileRef = EB07DCC0271735C4005AD0AF /* BaseCoordinator.swift */; };
		EB07DCC3271735C4005AD0AF /* BaseCoordinator.swift in Sources */ = {isa = PBXBuildFile; fileRef = EB07DCC0271735C4005AD0AF /* BaseCoordinator.swift */; };
		EB07DCC627173771005AD0AF /* UINavigationController+Ext.swift in Sources */ = {isa = PBXBuildFile; fileRef = EB07DCC527173771005AD0AF /* UINavigationController+Ext.swift */; };
		EB07DCC727173771005AD0AF /* UINavigationController+Ext.swift in Sources */ = {isa = PBXBuildFile; fileRef = EB07DCC527173771005AD0AF /* UINavigationController+Ext.swift */; };
		EB07DCC827173771005AD0AF /* UINavigationController+Ext.swift in Sources */ = {isa = PBXBuildFile; fileRef = EB07DCC527173771005AD0AF /* UINavigationController+Ext.swift */; };
		EB07DCCE27173C91005AD0AF /* UIConfigurator.swift in Sources */ = {isa = PBXBuildFile; fileRef = EB07DCCD27173C91005AD0AF /* UIConfigurator.swift */; };
		EB07DCCF27173C91005AD0AF /* UIConfigurator.swift in Sources */ = {isa = PBXBuildFile; fileRef = EB07DCCD27173C91005AD0AF /* UIConfigurator.swift */; };
		EB07DCD027173C91005AD0AF /* UIConfigurator.swift in Sources */ = {isa = PBXBuildFile; fileRef = EB07DCCD27173C91005AD0AF /* UIConfigurator.swift */; };
		EB07DCD227173D0C005AD0AF /* BaseView.swift in Sources */ = {isa = PBXBuildFile; fileRef = EB07DCD127173D0C005AD0AF /* BaseView.swift */; };
		EB07DCD327173D0C005AD0AF /* BaseView.swift in Sources */ = {isa = PBXBuildFile; fileRef = EB07DCD127173D0C005AD0AF /* BaseView.swift */; };
		EB07DCD427173D0C005AD0AF /* BaseView.swift in Sources */ = {isa = PBXBuildFile; fileRef = EB07DCD127173D0C005AD0AF /* BaseView.swift */; };
		EB07DCD627173DA0005AD0AF /* BaseViewController.swift in Sources */ = {isa = PBXBuildFile; fileRef = EB07DCD527173DA0005AD0AF /* BaseViewController.swift */; };
		EB07DCD727173DA0005AD0AF /* BaseViewController.swift in Sources */ = {isa = PBXBuildFile; fileRef = EB07DCD527173DA0005AD0AF /* BaseViewController.swift */; };
		EB07DCD827173DA0005AD0AF /* BaseViewController.swift in Sources */ = {isa = PBXBuildFile; fileRef = EB07DCD527173DA0005AD0AF /* BaseViewController.swift */; };
		EB07DCDA27173E23005AD0AF /* RootViewConfigurator.swift in Sources */ = {isa = PBXBuildFile; fileRef = EB07DCD927173E23005AD0AF /* RootViewConfigurator.swift */; };
		EB07DCDB27173E23005AD0AF /* RootViewConfigurator.swift in Sources */ = {isa = PBXBuildFile; fileRef = EB07DCD927173E23005AD0AF /* RootViewConfigurator.swift */; };
		EB07DCDC27173E23005AD0AF /* RootViewConfigurator.swift in Sources */ = {isa = PBXBuildFile; fileRef = EB07DCD927173E23005AD0AF /* RootViewConfigurator.swift */; };
		EB07DCDF27173F75005AD0AF /* SplashView.swift in Sources */ = {isa = PBXBuildFile; fileRef = EB07DCDE27173F75005AD0AF /* SplashView.swift */; };
		EB07DCE027173F75005AD0AF /* SplashView.swift in Sources */ = {isa = PBXBuildFile; fileRef = EB07DCDE27173F75005AD0AF /* SplashView.swift */; };
		EB07DCE127173F75005AD0AF /* SplashView.swift in Sources */ = {isa = PBXBuildFile; fileRef = EB07DCDE27173F75005AD0AF /* SplashView.swift */; };
		EB07DCE4271740F6005AD0AF /* Const.swift in Sources */ = {isa = PBXBuildFile; fileRef = EB07DCE3271740F6005AD0AF /* Const.swift */; };
		EB07DCE5271740F6005AD0AF /* Const.swift in Sources */ = {isa = PBXBuildFile; fileRef = EB07DCE3271740F6005AD0AF /* Const.swift */; };
		EB07DCE6271740F6005AD0AF /* Const.swift in Sources */ = {isa = PBXBuildFile; fileRef = EB07DCE3271740F6005AD0AF /* Const.swift */; };
		EB1C7FFA27197D6000D4F984 /* HTTPMethod.swift in Sources */ = {isa = PBXBuildFile; fileRef = EB1C7FF927197D6000D4F984 /* HTTPMethod.swift */; };
		EB1C7FFB27197D6000D4F984 /* HTTPMethod.swift in Sources */ = {isa = PBXBuildFile; fileRef = EB1C7FF927197D6000D4F984 /* HTTPMethod.swift */; };
		EB1C7FFC27197D6000D4F984 /* HTTPMethod.swift in Sources */ = {isa = PBXBuildFile; fileRef = EB1C7FF927197D6000D4F984 /* HTTPMethod.swift */; };
		EB1C7FFE27197D9100D4F984 /* RequestType.swift in Sources */ = {isa = PBXBuildFile; fileRef = EB1C7FFD27197D9100D4F984 /* RequestType.swift */; };
		EB1C7FFF27197D9100D4F984 /* RequestType.swift in Sources */ = {isa = PBXBuildFile; fileRef = EB1C7FFD27197D9100D4F984 /* RequestType.swift */; };
		EB1C800027197D9100D4F984 /* RequestType.swift in Sources */ = {isa = PBXBuildFile; fileRef = EB1C7FFD27197D9100D4F984 /* RequestType.swift */; };
		EB1C800327197E1F00D4F984 /* Others.swift in Sources */ = {isa = PBXBuildFile; fileRef = EB1C800227197E1F00D4F984 /* Others.swift */; };
		EB1C800427197E1F00D4F984 /* Others.swift in Sources */ = {isa = PBXBuildFile; fileRef = EB1C800227197E1F00D4F984 /* Others.swift */; };
		EB1C800527197E1F00D4F984 /* Others.swift in Sources */ = {isa = PBXBuildFile; fileRef = EB1C800227197E1F00D4F984 /* Others.swift */; };
		EB1C80072719823700D4F984 /* HTTPRequest.swift in Sources */ = {isa = PBXBuildFile; fileRef = EB1C80062719823700D4F984 /* HTTPRequest.swift */; };
		EB1C80082719823700D4F984 /* HTTPRequest.swift in Sources */ = {isa = PBXBuildFile; fileRef = EB1C80062719823700D4F984 /* HTTPRequest.swift */; };
		EB1C80092719823700D4F984 /* HTTPRequest.swift in Sources */ = {isa = PBXBuildFile; fileRef = EB1C80062719823700D4F984 /* HTTPRequest.swift */; };
		EB1C800C271984D200D4F984 /* APIError.swift in Sources */ = {isa = PBXBuildFile; fileRef = EB1C800B271984D200D4F984 /* APIError.swift */; };
		EB1C800D271984D200D4F984 /* APIError.swift in Sources */ = {isa = PBXBuildFile; fileRef = EB1C800B271984D200D4F984 /* APIError.swift */; };
		EB1C800E271984D200D4F984 /* APIError.swift in Sources */ = {isa = PBXBuildFile; fileRef = EB1C800B271984D200D4F984 /* APIError.swift */; };
		EB1C8010271986CC00D4F984 /* HTTPClient.swift in Sources */ = {isa = PBXBuildFile; fileRef = EB1C800F271986CC00D4F984 /* HTTPClient.swift */; };
		EB1C8011271986CC00D4F984 /* HTTPClient.swift in Sources */ = {isa = PBXBuildFile; fileRef = EB1C800F271986CC00D4F984 /* HTTPClient.swift */; };
		EB1C8012271986CC00D4F984 /* HTTPClient.swift in Sources */ = {isa = PBXBuildFile; fileRef = EB1C800F271986CC00D4F984 /* HTTPClient.swift */; };
		EB1C801B27198DB700D4F984 /* APIRequest.swift in Sources */ = {isa = PBXBuildFile; fileRef = EB1C801A27198DB700D4F984 /* APIRequest.swift */; };
		EB1C801C27198DB700D4F984 /* APIRequest.swift in Sources */ = {isa = PBXBuildFile; fileRef = EB1C801A27198DB700D4F984 /* APIRequest.swift */; };
		EB1C801D27198DB700D4F984 /* APIRequest.swift in Sources */ = {isa = PBXBuildFile; fileRef = EB1C801A27198DB700D4F984 /* APIRequest.swift */; };
		EB2B08302719FE55004B8EC8 /* PhotoFeed.swift in Sources */ = {isa = PBXBuildFile; fileRef = EB2B082F2719FE55004B8EC8 /* PhotoFeed.swift */; };
		EB2B08312719FE55004B8EC8 /* PhotoFeed.swift in Sources */ = {isa = PBXBuildFile; fileRef = EB2B082F2719FE55004B8EC8 /* PhotoFeed.swift */; };
		EB2B08322719FE55004B8EC8 /* PhotoFeed.swift in Sources */ = {isa = PBXBuildFile; fileRef = EB2B082F2719FE55004B8EC8 /* PhotoFeed.swift */; };
		EB2B08342719FE79004B8EC8 /* PhotoFeedRequest.swift in Sources */ = {isa = PBXBuildFile; fileRef = EB2B08332719FE79004B8EC8 /* PhotoFeedRequest.swift */; };
		EB2B08352719FE79004B8EC8 /* PhotoFeedRequest.swift in Sources */ = {isa = PBXBuildFile; fileRef = EB2B08332719FE79004B8EC8 /* PhotoFeedRequest.swift */; };
		EB2B08362719FE79004B8EC8 /* PhotoFeedRequest.swift in Sources */ = {isa = PBXBuildFile; fileRef = EB2B08332719FE79004B8EC8 /* PhotoFeedRequest.swift */; };
		EB2B0838271A064F004B8EC8 /* ViewModelType.swift in Sources */ = {isa = PBXBuildFile; fileRef = EB2B0837271A064F004B8EC8 /* ViewModelType.swift */; };
		EB2B0839271A064F004B8EC8 /* ViewModelType.swift in Sources */ = {isa = PBXBuildFile; fileRef = EB2B0837271A064F004B8EC8 /* ViewModelType.swift */; };
		EB2B083A271A064F004B8EC8 /* ViewModelType.swift in Sources */ = {isa = PBXBuildFile; fileRef = EB2B0837271A064F004B8EC8 /* ViewModelType.swift */; };
		EB2B083D271A1639004B8EC8 /* PhotoListViewController.swift in Sources */ = {isa = PBXBuildFile; fileRef = EB2B083C271A1639004B8EC8 /* PhotoListViewController.swift */; };
		EB2B083E271A1639004B8EC8 /* PhotoListViewController.swift in Sources */ = {isa = PBXBuildFile; fileRef = EB2B083C271A1639004B8EC8 /* PhotoListViewController.swift */; };
		EB2B083F271A1639004B8EC8 /* PhotoListViewController.swift in Sources */ = {isa = PBXBuildFile; fileRef = EB2B083C271A1639004B8EC8 /* PhotoListViewController.swift */; };
		EB2B0841271A1647004B8EC8 /* PhotoListViewModel.swift in Sources */ = {isa = PBXBuildFile; fileRef = EB2B0840271A1647004B8EC8 /* PhotoListViewModel.swift */; };
		EB2B0842271A1647004B8EC8 /* PhotoListViewModel.swift in Sources */ = {isa = PBXBuildFile; fileRef = EB2B0840271A1647004B8EC8 /* PhotoListViewModel.swift */; };
		EB2B0843271A1647004B8EC8 /* PhotoListViewModel.swift in Sources */ = {isa = PBXBuildFile; fileRef = EB2B0840271A1647004B8EC8 /* PhotoListViewModel.swift */; };
		EB2B0845271A165E004B8EC8 /* PhotoListCoordinator.swift in Sources */ = {isa = PBXBuildFile; fileRef = EB2B0844271A165E004B8EC8 /* PhotoListCoordinator.swift */; };
		EB2B0846271A165E004B8EC8 /* PhotoListCoordinator.swift in Sources */ = {isa = PBXBuildFile; fileRef = EB2B0844271A165E004B8EC8 /* PhotoListCoordinator.swift */; };
		EB2B0847271A165E004B8EC8 /* PhotoListCoordinator.swift in Sources */ = {isa = PBXBuildFile; fileRef = EB2B0844271A165E004B8EC8 /* PhotoListCoordinator.swift */; };
		EB2B084A271A16D7004B8EC8 /* PhotoListView.swift in Sources */ = {isa = PBXBuildFile; fileRef = EB2B0849271A16D7004B8EC8 /* PhotoListView.swift */; };
		EB2B084B271A16D7004B8EC8 /* PhotoListView.swift in Sources */ = {isa = PBXBuildFile; fileRef = EB2B0849271A16D7004B8EC8 /* PhotoListView.swift */; };
		EB2B084C271A16D7004B8EC8 /* PhotoListView.swift in Sources */ = {isa = PBXBuildFile; fileRef = EB2B0849271A16D7004B8EC8 /* PhotoListView.swift */; };
		EB4255AE271B6BB900E03C5E /* UIImageView+Ext.swift in Sources */ = {isa = PBXBuildFile; fileRef = EB4255AD271B6BB900E03C5E /* UIImageView+Ext.swift */; };
		EB4255AF271B6BB900E03C5E /* UIImageView+Ext.swift in Sources */ = {isa = PBXBuildFile; fileRef = EB4255AD271B6BB900E03C5E /* UIImageView+Ext.swift */; };
		EB4255B0271B6BB900E03C5E /* UIImageView+Ext.swift in Sources */ = {isa = PBXBuildFile; fileRef = EB4255AD271B6BB900E03C5E /* UIImageView+Ext.swift */; };
		EB44284C271ABBCB00285C3E /* PhotoListCell.swift in Sources */ = {isa = PBXBuildFile; fileRef = EB44284B271ABBCB00285C3E /* PhotoListCell.swift */; };
		EB44284D271ABBCB00285C3E /* PhotoListCell.swift in Sources */ = {isa = PBXBuildFile; fileRef = EB44284B271ABBCB00285C3E /* PhotoListCell.swift */; };
		EB44284E271ABBCB00285C3E /* PhotoListCell.swift in Sources */ = {isa = PBXBuildFile; fileRef = EB44284B271ABBCB00285C3E /* PhotoListCell.swift */; };
		EB442850271ABBEB00285C3E /* BaseCollectionViewCell.swift in Sources */ = {isa = PBXBuildFile; fileRef = EB44284F271ABBEB00285C3E /* BaseCollectionViewCell.swift */; };
		EB442851271ABBEB00285C3E /* BaseCollectionViewCell.swift in Sources */ = {isa = PBXBuildFile; fileRef = EB44284F271ABBEB00285C3E /* BaseCollectionViewCell.swift */; };
		EB442852271ABBEB00285C3E /* BaseCollectionViewCell.swift in Sources */ = {isa = PBXBuildFile; fileRef = EB44284F271ABBEB00285C3E /* BaseCollectionViewCell.swift */; };
		EB6D14A9271C8CE90016E5F4 /* PhotoDetailViewModel.swift in Sources */ = {isa = PBXBuildFile; fileRef = EB6D14A8271C8CE90016E5F4 /* PhotoDetailViewModel.swift */; };
		EB6D14AA271C8CE90016E5F4 /* PhotoDetailViewModel.swift in Sources */ = {isa = PBXBuildFile; fileRef = EB6D14A8271C8CE90016E5F4 /* PhotoDetailViewModel.swift */; };
		EB6D14AB271C8CE90016E5F4 /* PhotoDetailViewModel.swift in Sources */ = {isa = PBXBuildFile; fileRef = EB6D14A8271C8CE90016E5F4 /* PhotoDetailViewModel.swift */; };
		EB6D14AD271C8CFD0016E5F4 /* PhotoDetailCoordinator.swift in Sources */ = {isa = PBXBuildFile; fileRef = EB6D14AC271C8CFD0016E5F4 /* PhotoDetailCoordinator.swift */; };
		EB6D14AE271C8CFD0016E5F4 /* PhotoDetailCoordinator.swift in Sources */ = {isa = PBXBuildFile; fileRef = EB6D14AC271C8CFD0016E5F4 /* PhotoDetailCoordinator.swift */; };
		EB6D14AF271C8CFD0016E5F4 /* PhotoDetailCoordinator.swift in Sources */ = {isa = PBXBuildFile; fileRef = EB6D14AC271C8CFD0016E5F4 /* PhotoDetailCoordinator.swift */; };
		EB6D14B2271C8D650016E5F4 /* PhotoDetailView.swift in Sources */ = {isa = PBXBuildFile; fileRef = EB6D14B1271C8D650016E5F4 /* PhotoDetailView.swift */; };
		EB6D14B3271C8D650016E5F4 /* PhotoDetailView.swift in Sources */ = {isa = PBXBuildFile; fileRef = EB6D14B1271C8D650016E5F4 /* PhotoDetailView.swift */; };
		EB6D14B4271C8D650016E5F4 /* PhotoDetailView.swift in Sources */ = {isa = PBXBuildFile; fileRef = EB6D14B1271C8D650016E5F4 /* PhotoDetailView.swift */; };
		EBAA9CFC271C577B008121B7 /* APIConfig.swift in Sources */ = {isa = PBXBuildFile; fileRef = EBAA9CFB271C577B008121B7 /* APIConfig.swift */; };
		EBAA9CFD271C577B008121B7 /* APIConfig.swift in Sources */ = {isa = PBXBuildFile; fileRef = EBAA9CFB271C577B008121B7 /* APIConfig.swift */; };
		EBAA9CFE271C577B008121B7 /* APIConfig.swift in Sources */ = {isa = PBXBuildFile; fileRef = EBAA9CFB271C577B008121B7 /* APIConfig.swift */; };
		EBAA9D00271C57DF008121B7 /* APIConfig+PROD.swift in Sources */ = {isa = PBXBuildFile; fileRef = EBAA9CFF271C57DF008121B7 /* APIConfig+PROD.swift */; };
		EBAA9D04271C581E008121B7 /* APIConfig+DEV.swift in Sources */ = {isa = PBXBuildFile; fileRef = EBAA9D03271C581E008121B7 /* APIConfig+DEV.swift */; };
		EBAA9D06271C584E008121B7 /* APIConfig+STG.swift in Sources */ = {isa = PBXBuildFile; fileRef = EBAA9D05271C584E008121B7 /* APIConfig+STG.swift */; };
		EBAA9D09271C59E5008121B7 /* Reactive+UIScrollView.swift in Sources */ = {isa = PBXBuildFile; fileRef = EBAA9D08271C59E5008121B7 /* Reactive+UIScrollView.swift */; };
		EBAA9D0A271C59E5008121B7 /* Reactive+UIScrollView.swift in Sources */ = {isa = PBXBuildFile; fileRef = EBAA9D08271C59E5008121B7 /* Reactive+UIScrollView.swift */; };
		EBAA9D0B271C59E5008121B7 /* Reactive+UIScrollView.swift in Sources */ = {isa = PBXBuildFile; fileRef = EBAA9D08271C59E5008121B7 /* Reactive+UIScrollView.swift */; };
		EBAA9D0E271C6646008121B7 /* PhotoDetailController.swift in Sources */ = {isa = PBXBuildFile; fileRef = EBAA9D0D271C6646008121B7 /* PhotoDetailController.swift */; };
		EBAA9D0F271C6646008121B7 /* PhotoDetailController.swift in Sources */ = {isa = PBXBuildFile; fileRef = EBAA9D0D271C6646008121B7 /* PhotoDetailController.swift */; };
		EBAA9D10271C6646008121B7 /* PhotoDetailController.swift in Sources */ = {isa = PBXBuildFile; fileRef = EBAA9D0D271C6646008121B7 /* PhotoDetailController.swift */; };
		EBC8E4F2271D628D00EE6DE5 /* PhotoListViewModeTests.swift in Sources */ = {isa = PBXBuildFile; fileRef = EBC8E4F1271D628D00EE6DE5 /* PhotoListViewModeTests.swift */; };
		EBCE741B271EB3CF00983447 /* UICollectionView+Ext.swift in Sources */ = {isa = PBXBuildFile; fileRef = EBCE741A271EB3CF00983447 /* UICollectionView+Ext.swift */; };
		EBCE741C271EB3CF00983447 /* UICollectionView+Ext.swift in Sources */ = {isa = PBXBuildFile; fileRef = EBCE741A271EB3CF00983447 /* UICollectionView+Ext.swift */; };
		EBCE741D271EB3CF00983447 /* UICollectionView+Ext.swift in Sources */ = {isa = PBXBuildFile; fileRef = EBCE741A271EB3CF00983447 /* UICollectionView+Ext.swift */; };
		EBCE7420271EEFF300983447 /* PhotoListTestDataProvider.swift in Sources */ = {isa = PBXBuildFile; fileRef = EBCE741F271EEFF300983447 /* PhotoListTestDataProvider.swift */; };
/* End PBXBuildFile section */

/* Begin PBXContainerItemProxy section */
		EBC8E4E9271D616A00EE6DE5 /* PBXContainerItemProxy */ = {
			isa = PBXContainerItemProxy;
			containerPortal = EB07DC5E27172D7C005AD0AF /* Project object */;
			proxyType = 1;
			remoteGlobalIDString = EB07DC6527172D7C005AD0AF;
			remoteInfo = "ImageGallery-PROD";
		};
/* End PBXContainerItemProxy section */

/* Begin PBXFileReference section */
		004A6CD424A21082995F4803 /* Pods_ImageGallery_STG.framework */ = {isa = PBXFileReference; explicitFileType = wrapper.framework; includeInIndex = 0; path = Pods_ImageGallery_STG.framework; sourceTree = BUILT_PRODUCTS_DIR; };
		30C1736A1556C8C5E81D158D /* Pods_ImageGallery_PROD.framework */ = {isa = PBXFileReference; explicitFileType = wrapper.framework; includeInIndex = 0; path = Pods_ImageGallery_PROD.framework; sourceTree = BUILT_PRODUCTS_DIR; };
		5BB18A5657B148E7E4DF6B48 /* Pods-ImageGallery-DEV.debug.xcconfig */ = {isa = PBXFileReference; includeInIndex = 1; lastKnownFileType = text.xcconfig; name = "Pods-ImageGallery-DEV.debug.xcconfig"; path = "Target Support Files/Pods-ImageGallery-DEV/Pods-ImageGallery-DEV.debug.xcconfig"; sourceTree = "<group>"; };
		5FFC7AE5A898690CADA759E5 /* Pods-ImageGallery-PROD.debug.xcconfig */ = {isa = PBXFileReference; includeInIndex = 1; lastKnownFileType = text.xcconfig; name = "Pods-ImageGallery-PROD.debug.xcconfig"; path = "Target Support Files/Pods-ImageGallery-PROD/Pods-ImageGallery-PROD.debug.xcconfig"; sourceTree = "<group>"; };
		64B961D93698CE1D9F4904C0 /* Pods-ImageGallery-Test.debug.xcconfig */ = {isa = PBXFileReference; includeInIndex = 1; lastKnownFileType = text.xcconfig; name = "Pods-ImageGallery-Test.debug.xcconfig"; path = "Target Support Files/Pods-ImageGallery-Test/Pods-ImageGallery-Test.debug.xcconfig"; sourceTree = "<group>"; };
		781C62B880D2204375C8CB47 /* Pods-ImageGallery-DEV.release.xcconfig */ = {isa = PBXFileReference; includeInIndex = 1; lastKnownFileType = text.xcconfig; name = "Pods-ImageGallery-DEV.release.xcconfig"; path = "Target Support Files/Pods-ImageGallery-DEV/Pods-ImageGallery-DEV.release.xcconfig"; sourceTree = "<group>"; };
		7CEC048216A80E7279010E01 /* libPods-ImageGallery-Test.a */ = {isa = PBXFileReference; explicitFileType = archive.ar; includeInIndex = 0; path = "libPods-ImageGallery-Test.a"; sourceTree = BUILT_PRODUCTS_DIR; };
		C518954660034E65AA0A76B9 /* Pods-ImageGallery-STG.release.xcconfig */ = {isa = PBXFileReference; includeInIndex = 1; lastKnownFileType = text.xcconfig; name = "Pods-ImageGallery-STG.release.xcconfig"; path = "Target Support Files/Pods-ImageGallery-STG/Pods-ImageGallery-STG.release.xcconfig"; sourceTree = "<group>"; };
		D627E4F83C83DA268D22BAC9 /* Pods_ImageGallery_DEV.framework */ = {isa = PBXFileReference; explicitFileType = wrapper.framework; includeInIndex = 0; path = Pods_ImageGallery_DEV.framework; sourceTree = BUILT_PRODUCTS_DIR; };
		E34E5E07D0703365A4159973 /* Pods-ImageGallery-PROD.release.xcconfig */ = {isa = PBXFileReference; includeInIndex = 1; lastKnownFileType = text.xcconfig; name = "Pods-ImageGallery-PROD.release.xcconfig"; path = "Target Support Files/Pods-ImageGallery-PROD/Pods-ImageGallery-PROD.release.xcconfig"; sourceTree = "<group>"; };
		EB07DC6627172D7C005AD0AF /* ImageGallery-PROD.app */ = {isa = PBXFileReference; explicitFileType = wrapper.application; includeInIndex = 0; path = "ImageGallery-PROD.app"; sourceTree = BUILT_PRODUCTS_DIR; };
		EB07DC6927172D7C005AD0AF /* AppDelegate.swift */ = {isa = PBXFileReference; lastKnownFileType = sourcecode.swift; path = AppDelegate.swift; sourceTree = "<group>"; };
		EB07DC6B27172D7C005AD0AF /* SceneDelegate.swift */ = {isa = PBXFileReference; lastKnownFileType = sourcecode.swift; path = SceneDelegate.swift; sourceTree = "<group>"; };
		EB07DC7227172D7E005AD0AF /* Assets.xcassets */ = {isa = PBXFileReference; lastKnownFileType = folder.assetcatalog; path = Assets.xcassets; sourceTree = "<group>"; };
		EB07DC7527172D7E005AD0AF /* Base */ = {isa = PBXFileReference; lastKnownFileType = file.storyboard; name = Base; path = Base.lproj/LaunchScreen.storyboard; sourceTree = "<group>"; };
		EB07DC8A27172D91005AD0AF /* ImageGallery-DEV.app */ = {isa = PBXFileReference; explicitFileType = wrapper.application; includeInIndex = 0; path = "ImageGallery-DEV.app"; sourceTree = BUILT_PRODUCTS_DIR; };
		EB07DC9927172DA3005AD0AF /* ImageGallery-STG.app */ = {isa = PBXFileReference; explicitFileType = wrapper.application; includeInIndex = 0; path = "ImageGallery-STG.app"; sourceTree = BUILT_PRODUCTS_DIR; };
		EB07DC9C27172E20005AD0AF /* Info-DEV.plist */ = {isa = PBXFileReference; lastKnownFileType = text.plist.xml; path = "Info-DEV.plist"; sourceTree = "<group>"; };
		EB07DC9D27172E20005AD0AF /* Info-PROD.plist */ = {isa = PBXFileReference; lastKnownFileType = text.plist.xml; path = "Info-PROD.plist"; sourceTree = "<group>"; };
		EB07DC9E27172E20005AD0AF /* Info-STG.plist */ = {isa = PBXFileReference; lastKnownFileType = text.plist.xml; path = "Info-STG.plist"; sourceTree = "<group>"; };
		EB07DCA4271731F0005AD0AF /* Coordinator.swift */ = {isa = PBXFileReference; lastKnownFileType = sourcecode.swift; path = Coordinator.swift; sourceTree = "<group>"; };
		EB07DCA827173286005AD0AF /* Coordinatable.swift */ = {isa = PBXFileReference; lastKnownFileType = sourcecode.swift; path = Coordinatable.swift; sourceTree = "<group>"; };
		EB07DCAC271733A4005AD0AF /* ViewModelable.swift */ = {isa = PBXFileReference; lastKnownFileType = sourcecode.swift; path = ViewModelable.swift; sourceTree = "<group>"; };
		EB07DCB327173534005AD0AF /* SplashViewController.swift */ = {isa = PBXFileReference; lastKnownFileType = sourcecode.swift; path = SplashViewController.swift; sourceTree = "<group>"; };
		EB07DCBB27173552005AD0AF /* SplashCoordinator.swift */ = {isa = PBXFileReference; lastKnownFileType = sourcecode.swift; path = SplashCoordinator.swift; sourceTree = "<group>"; };
		EB07DCC0271735C4005AD0AF /* BaseCoordinator.swift */ = {isa = PBXFileReference; lastKnownFileType = sourcecode.swift; path = BaseCoordinator.swift; sourceTree = "<group>"; };
		EB07DCC527173771005AD0AF /* UINavigationController+Ext.swift */ = {isa = PBXFileReference; lastKnownFileType = sourcecode.swift; path = "UINavigationController+Ext.swift"; sourceTree = "<group>"; };
		EB07DCCD27173C91005AD0AF /* UIConfigurator.swift */ = {isa = PBXFileReference; lastKnownFileType = sourcecode.swift; path = UIConfigurator.swift; sourceTree = "<group>"; };
		EB07DCD127173D0C005AD0AF /* BaseView.swift */ = {isa = PBXFileReference; lastKnownFileType = sourcecode.swift; path = BaseView.swift; sourceTree = "<group>"; };
		EB07DCD527173DA0005AD0AF /* BaseViewController.swift */ = {isa = PBXFileReference; lastKnownFileType = sourcecode.swift; path = BaseViewController.swift; sourceTree = "<group>"; };
		EB07DCD927173E23005AD0AF /* RootViewConfigurator.swift */ = {isa = PBXFileReference; lastKnownFileType = sourcecode.swift; path = RootViewConfigurator.swift; sourceTree = "<group>"; };
		EB07DCDE27173F75005AD0AF /* SplashView.swift */ = {isa = PBXFileReference; lastKnownFileType = sourcecode.swift; path = SplashView.swift; sourceTree = "<group>"; };
		EB07DCE3271740F6005AD0AF /* Const.swift */ = {isa = PBXFileReference; lastKnownFileType = sourcecode.swift; path = Const.swift; sourceTree = "<group>"; };
		EB1C7FF927197D6000D4F984 /* HTTPMethod.swift */ = {isa = PBXFileReference; lastKnownFileType = sourcecode.swift; path = HTTPMethod.swift; sourceTree = "<group>"; };
		EB1C7FFD27197D9100D4F984 /* RequestType.swift */ = {isa = PBXFileReference; lastKnownFileType = sourcecode.swift; path = RequestType.swift; sourceTree = "<group>"; };
		EB1C800227197E1F00D4F984 /* Others.swift */ = {isa = PBXFileReference; lastKnownFileType = sourcecode.swift; path = Others.swift; sourceTree = "<group>"; };
		EB1C80062719823700D4F984 /* HTTPRequest.swift */ = {isa = PBXFileReference; lastKnownFileType = sourcecode.swift; path = HTTPRequest.swift; sourceTree = "<group>"; };
		EB1C800B271984D200D4F984 /* APIError.swift */ = {isa = PBXFileReference; lastKnownFileType = sourcecode.swift; path = APIError.swift; sourceTree = "<group>"; };
		EB1C800F271986CC00D4F984 /* HTTPClient.swift */ = {isa = PBXFileReference; lastKnownFileType = sourcecode.swift; path = HTTPClient.swift; sourceTree = "<group>"; };
		EB1C801A27198DB700D4F984 /* APIRequest.swift */ = {isa = PBXFileReference; lastKnownFileType = sourcecode.swift; path = APIRequest.swift; sourceTree = "<group>"; };
		EB2B082F2719FE55004B8EC8 /* PhotoFeed.swift */ = {isa = PBXFileReference; lastKnownFileType = sourcecode.swift; path = PhotoFeed.swift; sourceTree = "<group>"; };
		EB2B08332719FE79004B8EC8 /* PhotoFeedRequest.swift */ = {isa = PBXFileReference; lastKnownFileType = sourcecode.swift; path = PhotoFeedRequest.swift; sourceTree = "<group>"; };
		EB2B0837271A064F004B8EC8 /* ViewModelType.swift */ = {isa = PBXFileReference; lastKnownFileType = sourcecode.swift; path = ViewModelType.swift; sourceTree = "<group>"; };
		EB2B083C271A1639004B8EC8 /* PhotoListViewController.swift */ = {isa = PBXFileReference; lastKnownFileType = sourcecode.swift; path = PhotoListViewController.swift; sourceTree = "<group>"; };
		EB2B0840271A1647004B8EC8 /* PhotoListViewModel.swift */ = {isa = PBXFileReference; lastKnownFileType = sourcecode.swift; path = PhotoListViewModel.swift; sourceTree = "<group>"; };
		EB2B0844271A165E004B8EC8 /* PhotoListCoordinator.swift */ = {isa = PBXFileReference; lastKnownFileType = sourcecode.swift; path = PhotoListCoordinator.swift; sourceTree = "<group>"; };
		EB2B0849271A16D7004B8EC8 /* PhotoListView.swift */ = {isa = PBXFileReference; lastKnownFileType = sourcecode.swift; path = PhotoListView.swift; sourceTree = "<group>"; };
		EB4255AD271B6BB900E03C5E /* UIImageView+Ext.swift */ = {isa = PBXFileReference; lastKnownFileType = sourcecode.swift; path = "UIImageView+Ext.swift"; sourceTree = "<group>"; };
		EB44284B271ABBCB00285C3E /* PhotoListCell.swift */ = {isa = PBXFileReference; lastKnownFileType = sourcecode.swift; path = PhotoListCell.swift; sourceTree = "<group>"; };
		EB44284F271ABBEB00285C3E /* BaseCollectionViewCell.swift */ = {isa = PBXFileReference; lastKnownFileType = sourcecode.swift; path = BaseCollectionViewCell.swift; sourceTree = "<group>"; };
		EB6D14A8271C8CE90016E5F4 /* PhotoDetailViewModel.swift */ = {isa = PBXFileReference; lastKnownFileType = sourcecode.swift; path = PhotoDetailViewModel.swift; sourceTree = "<group>"; };
		EB6D14AC271C8CFD0016E5F4 /* PhotoDetailCoordinator.swift */ = {isa = PBXFileReference; lastKnownFileType = sourcecode.swift; path = PhotoDetailCoordinator.swift; sourceTree = "<group>"; };
		EB6D14B1271C8D650016E5F4 /* PhotoDetailView.swift */ = {isa = PBXFileReference; lastKnownFileType = sourcecode.swift; path = PhotoDetailView.swift; sourceTree = "<group>"; };
		EBAA9CFB271C577B008121B7 /* APIConfig.swift */ = {isa = PBXFileReference; lastKnownFileType = sourcecode.swift; path = APIConfig.swift; sourceTree = "<group>"; };
		EBAA9CFF271C57DF008121B7 /* APIConfig+PROD.swift */ = {isa = PBXFileReference; lastKnownFileType = sourcecode.swift; path = "APIConfig+PROD.swift"; sourceTree = "<group>"; };
		EBAA9D03271C581E008121B7 /* APIConfig+DEV.swift */ = {isa = PBXFileReference; lastKnownFileType = sourcecode.swift; path = "APIConfig+DEV.swift"; sourceTree = "<group>"; };
		EBAA9D05271C584E008121B7 /* APIConfig+STG.swift */ = {isa = PBXFileReference; lastKnownFileType = sourcecode.swift; path = "APIConfig+STG.swift"; sourceTree = "<group>"; };
		EBAA9D08271C59E5008121B7 /* Reactive+UIScrollView.swift */ = {isa = PBXFileReference; lastKnownFileType = sourcecode.swift; path = "Reactive+UIScrollView.swift"; sourceTree = "<group>"; };
		EBAA9D0D271C6646008121B7 /* PhotoDetailController.swift */ = {isa = PBXFileReference; lastKnownFileType = sourcecode.swift; path = PhotoDetailController.swift; sourceTree = "<group>"; };
		EBC8E4E4271D616A00EE6DE5 /* ImageGallery-Test.xctest */ = {isa = PBXFileReference; explicitFileType = wrapper.cfbundle; includeInIndex = 0; path = "ImageGallery-Test.xctest"; sourceTree = BUILT_PRODUCTS_DIR; };
		EBC8E4EF271D623D00EE6DE5 /* Test-Info.plist */ = {isa = PBXFileReference; lastKnownFileType = text.plist.xml; path = "Test-Info.plist"; sourceTree = "<group>"; };
		EBC8E4F1271D628D00EE6DE5 /* PhotoListViewModeTests.swift */ = {isa = PBXFileReference; lastKnownFileType = sourcecode.swift; path = PhotoListViewModeTests.swift; sourceTree = "<group>"; };
		EBCE741A271EB3CF00983447 /* UICollectionView+Ext.swift */ = {isa = PBXFileReference; lastKnownFileType = sourcecode.swift; path = "UICollectionView+Ext.swift"; sourceTree = "<group>"; };
		EBCE741F271EEFF300983447 /* PhotoListTestDataProvider.swift */ = {isa = PBXFileReference; lastKnownFileType = sourcecode.swift; path = PhotoListTestDataProvider.swift; sourceTree = "<group>"; };
		F0CAEF9399A66FC5F3B08642 /* Pods-ImageGallery-STG.debug.xcconfig */ = {isa = PBXFileReference; includeInIndex = 1; lastKnownFileType = text.xcconfig; name = "Pods-ImageGallery-STG.debug.xcconfig"; path = "Target Support Files/Pods-ImageGallery-STG/Pods-ImageGallery-STG.debug.xcconfig"; sourceTree = "<group>"; };
		F7FAEAF3378063D5AD3CE4BF /* Pods-ImageGallery-Test.release.xcconfig */ = {isa = PBXFileReference; includeInIndex = 1; lastKnownFileType = text.xcconfig; name = "Pods-ImageGallery-Test.release.xcconfig"; path = "Target Support Files/Pods-ImageGallery-Test/Pods-ImageGallery-Test.release.xcconfig"; sourceTree = "<group>"; };
/* End PBXFileReference section */

/* Begin PBXFrameworksBuildPhase section */
		EB07DC6327172D7C005AD0AF /* Frameworks */ = {
			isa = PBXFrameworksBuildPhase;
			buildActionMask = 2147483647;
			files = (
				8B71A979244A4BE415AF76D3 /* Pods_ImageGallery_PROD.framework in Frameworks */,
			);
			runOnlyForDeploymentPostprocessing = 0;
		};
		EB07DC8227172D91005AD0AF /* Frameworks */ = {
			isa = PBXFrameworksBuildPhase;
			buildActionMask = 2147483647;
			files = (
				24077E383C8A974995B5D163 /* Pods_ImageGallery_DEV.framework in Frameworks */,
			);
			runOnlyForDeploymentPostprocessing = 0;
		};
		EB07DC9127172DA3005AD0AF /* Frameworks */ = {
			isa = PBXFrameworksBuildPhase;
			buildActionMask = 2147483647;
			files = (
				9AC1CD8BD47430747667B1C1 /* Pods_ImageGallery_STG.framework in Frameworks */,
			);
			runOnlyForDeploymentPostprocessing = 0;
		};
		EBC8E4E1271D616A00EE6DE5 /* Frameworks */ = {
			isa = PBXFrameworksBuildPhase;
			buildActionMask = 2147483647;
			files = (
				028C294D4510910F42B5BDEC /* libPods-ImageGallery-Test.a in Frameworks */,
			);
			runOnlyForDeploymentPostprocessing = 0;
		};
/* End PBXFrameworksBuildPhase section */

/* Begin PBXGroup section */
		2FE140DC1E9AE8029F7E35A8 /* Pods */ = {
			isa = PBXGroup;
			children = (
				5BB18A5657B148E7E4DF6B48 /* Pods-ImageGallery-DEV.debug.xcconfig */,
				781C62B880D2204375C8CB47 /* Pods-ImageGallery-DEV.release.xcconfig */,
				5FFC7AE5A898690CADA759E5 /* Pods-ImageGallery-PROD.debug.xcconfig */,
				E34E5E07D0703365A4159973 /* Pods-ImageGallery-PROD.release.xcconfig */,
				F0CAEF9399A66FC5F3B08642 /* Pods-ImageGallery-STG.debug.xcconfig */,
				C518954660034E65AA0A76B9 /* Pods-ImageGallery-STG.release.xcconfig */,
				64B961D93698CE1D9F4904C0 /* Pods-ImageGallery-Test.debug.xcconfig */,
				F7FAEAF3378063D5AD3CE4BF /* Pods-ImageGallery-Test.release.xcconfig */,
			);
			path = Pods;
			sourceTree = "<group>";
		};
		A45ACCB1E57922FA48CF28A2 /* Frameworks */ = {
			isa = PBXGroup;
			children = (
				D627E4F83C83DA268D22BAC9 /* Pods_ImageGallery_DEV.framework */,
				30C1736A1556C8C5E81D158D /* Pods_ImageGallery_PROD.framework */,
				004A6CD424A21082995F4803 /* Pods_ImageGallery_STG.framework */,
				7CEC048216A80E7279010E01 /* libPods-ImageGallery-Test.a */,
			);
			name = Frameworks;
			sourceTree = "<group>";
		};
		EB07DC5D27172D7C005AD0AF = {
			isa = PBXGroup;
			children = (
				EB07DC6827172D7C005AD0AF /* App */,
				EBC8E4E5271D616A00EE6DE5 /* Tests */,
				EB07DC6727172D7C005AD0AF /* Products */,
				2FE140DC1E9AE8029F7E35A8 /* Pods */,
				A45ACCB1E57922FA48CF28A2 /* Frameworks */,
			);
			sourceTree = "<group>";
		};
		EB07DC6727172D7C005AD0AF /* Products */ = {
			isa = PBXGroup;
			children = (
				EB07DC6627172D7C005AD0AF /* ImageGallery-PROD.app */,
				EB07DC8A27172D91005AD0AF /* ImageGallery-DEV.app */,
				EB07DC9927172DA3005AD0AF /* ImageGallery-STG.app */,
				EBC8E4E4271D616A00EE6DE5 /* ImageGallery-Test.xctest */,
			);
			name = Products;
			sourceTree = "<group>";
		};
		EB07DC6827172D7C005AD0AF /* App */ = {
			isa = PBXGroup;
			children = (
				EB1C801327198D1C00D4F984 /* API */,
				EB07DCA2271731C4005AD0AF /* Base */,
				EB07DCA027172E7C005AD0AF /* Core */,
				EB07DCE2271740E5005AD0AF /* Const */,
				EBAA9CF9271C575C008121B7 /* Config */,
				EB1C800A2719846B00D4F984 /* Errors */,
				EB2B082E2719FE32004B8EC8 /* Model */,
				EB07DCC427173758005AD0AF /* Extensions */,
				EB07DC9F27172E37005AD0AF /* Resources */,
				EB07DCA127172F02005AD0AF /* Scene */,
				EB07DC9B27172E03005AD0AF /* Supportings */,
			);
			path = App;
			sourceTree = "<group>";
		};
		EB07DC9B27172E03005AD0AF /* Supportings */ = {
			isa = PBXGroup;
			children = (
				EB07DC9C27172E20005AD0AF /* Info-DEV.plist */,
				EB07DC9D27172E20005AD0AF /* Info-PROD.plist */,
				EB07DC9E27172E20005AD0AF /* Info-STG.plist */,
			);
			path = Supportings;
			sourceTree = "<group>";
		};
		EB07DC9F27172E37005AD0AF /* Resources */ = {
			isa = PBXGroup;
			children = (
				EB07DC7227172D7E005AD0AF /* Assets.xcassets */,
				EB07DC7427172D7E005AD0AF /* LaunchScreen.storyboard */,
			);
			path = Resources;
			sourceTree = "<group>";
		};
		EB07DCA027172E7C005AD0AF /* Core */ = {
			isa = PBXGroup;
			children = (
				EB07DC6927172D7C005AD0AF /* AppDelegate.swift */,
				EB07DC6B27172D7C005AD0AF /* SceneDelegate.swift */,
			);
			path = Core;
			sourceTree = "<group>";
		};
		EB07DCA127172F02005AD0AF /* Scene */ = {
			isa = PBXGroup;
			children = (
				EB07DCB1271734D5005AD0AF /* Splash */,
				EB2B083B271A1618004B8EC8 /* List */,
				EBAA9D0C271C662A008121B7 /* Detail */,
			);
			path = Scene;
			sourceTree = "<group>";
		};
		EB07DCA2271731C4005AD0AF /* Base */ = {
			isa = PBXGroup;
			children = (
				EB07DCBF271735A7005AD0AF /* Coordinator */,
				EB07DCB02717347D005AD0AF /* UIComponents */,
				EB07DCA3271731D5005AD0AF /* Protocols */,
				EB1C7FF827197CF300D4F984 /* Networking */,
				EB1C800127197E0D00D4F984 /* Others */,
			);
			path = Base;
			sourceTree = "<group>";
		};
		EB07DCA3271731D5005AD0AF /* Protocols */ = {
			isa = PBXGroup;
			children = (
				EB07DCA4271731F0005AD0AF /* Coordinator.swift */,
				EB07DCA827173286005AD0AF /* Coordinatable.swift */,
				EB07DCAC271733A4005AD0AF /* ViewModelable.swift */,
				EB07DCCD27173C91005AD0AF /* UIConfigurator.swift */,
				EB07DCD927173E23005AD0AF /* RootViewConfigurator.swift */,
				EB2B0837271A064F004B8EC8 /* ViewModelType.swift */,
			);
			path = Protocols;
			sourceTree = "<group>";
		};
		EB07DCB02717347D005AD0AF /* UIComponents */ = {
			isa = PBXGroup;
			children = (
				EB07DCD127173D0C005AD0AF /* BaseView.swift */,
				EB07DCD527173DA0005AD0AF /* BaseViewController.swift */,
				EB44284F271ABBEB00285C3E /* BaseCollectionViewCell.swift */,
			);
			path = UIComponents;
			sourceTree = "<group>";
		};
		EB07DCB1271734D5005AD0AF /* Splash */ = {
			isa = PBXGroup;
			children = (
				EB07DCB327173534005AD0AF /* SplashViewController.swift */,
				EB07DCBB27173552005AD0AF /* SplashCoordinator.swift */,
				EB07DCDD27173F60005AD0AF /* Views */,
			);
			path = Splash;
			sourceTree = "<group>";
		};
		EB07DCBF271735A7005AD0AF /* Coordinator */ = {
			isa = PBXGroup;
			children = (
				EB07DCC0271735C4005AD0AF /* BaseCoordinator.swift */,
			);
			path = Coordinator;
			sourceTree = "<group>";
		};
		EB07DCC427173758005AD0AF /* Extensions */ = {
			isa = PBXGroup;
			children = (
				EB07DCC527173771005AD0AF /* UINavigationController+Ext.swift */,
				EB4255AD271B6BB900E03C5E /* UIImageView+Ext.swift */,
				EBCE741A271EB3CF00983447 /* UICollectionView+Ext.swift */,
				EBAA9D07271C59C7008121B7 /* Reactive */,
			);
			path = Extensions;
			sourceTree = "<group>";
		};
		EB07DCDD27173F60005AD0AF /* Views */ = {
			isa = PBXGroup;
			children = (
				EB07DCDE27173F75005AD0AF /* SplashView.swift */,
			);
			path = Views;
			sourceTree = "<group>";
		};
		EB07DCE2271740E5005AD0AF /* Const */ = {
			isa = PBXGroup;
			children = (
				EB07DCE3271740F6005AD0AF /* Const.swift */,
			);
			path = Const;
			sourceTree = "<group>";
		};
		EB1C7FF827197CF300D4F984 /* Networking */ = {
			isa = PBXGroup;
			children = (
				EB1C7FF927197D6000D4F984 /* HTTPMethod.swift */,
				EB1C80062719823700D4F984 /* HTTPRequest.swift */,
				EB1C800F271986CC00D4F984 /* HTTPClient.swift */,
				EB1C7FFD27197D9100D4F984 /* RequestType.swift */,
			);
			path = Networking;
			sourceTree = "<group>";
		};
		EB1C800127197E0D00D4F984 /* Others */ = {
			isa = PBXGroup;
			children = (
				EB1C800227197E1F00D4F984 /* Others.swift */,
			);
			path = Others;
			sourceTree = "<group>";
		};
		EB1C800A2719846B00D4F984 /* Errors */ = {
			isa = PBXGroup;
			children = (
				EB1C800B271984D200D4F984 /* APIError.swift */,
			);
			path = Errors;
			sourceTree = "<group>";
		};
		EB1C801327198D1C00D4F984 /* API */ = {
			isa = PBXGroup;
			children = (
				EB1C801527198D7A00D4F984 /* Request */,
				EB1C801427198D7200D4F984 /* Config */,
			);
			path = API;
			sourceTree = "<group>";
		};
		EB1C801427198D7200D4F984 /* Config */ = {
			isa = PBXGroup;
			children = (
				EB1C801A27198DB700D4F984 /* APIRequest.swift */,
			);
			path = Config;
			sourceTree = "<group>";
		};
		EB1C801527198D7A00D4F984 /* Request */ = {
			isa = PBXGroup;
			children = (
				EB2B08332719FE79004B8EC8 /* PhotoFeedRequest.swift */,
			);
			path = Request;
			sourceTree = "<group>";
		};
		EB2B082E2719FE32004B8EC8 /* Model */ = {
			isa = PBXGroup;
			children = (
				EB2B082F2719FE55004B8EC8 /* PhotoFeed.swift */,
			);
			path = Model;
			sourceTree = "<group>";
		};
		EB2B083B271A1618004B8EC8 /* List */ = {
			isa = PBXGroup;
			children = (
				EB2B083C271A1639004B8EC8 /* PhotoListViewController.swift */,
				EB2B0840271A1647004B8EC8 /* PhotoListViewModel.swift */,
				EB2B0844271A165E004B8EC8 /* PhotoListCoordinator.swift */,
				EB2B0848271A16CA004B8EC8 /* Views */,
			);
			path = List;
			sourceTree = "<group>";
		};
		EB2B0848271A16CA004B8EC8 /* Views */ = {
			isa = PBXGroup;
			children = (
				EB2B0849271A16D7004B8EC8 /* PhotoListView.swift */,
				EB44284B271ABBCB00285C3E /* PhotoListCell.swift */,
			);
			path = Views;
			sourceTree = "<group>";
		};
		EB6D14B0271C8D4E0016E5F4 /* Views */ = {
			isa = PBXGroup;
			children = (
				EB6D14B1271C8D650016E5F4 /* PhotoDetailView.swift */,
			);
			path = Views;
			sourceTree = "<group>";
		};
		EBAA9CF9271C575C008121B7 /* Config */ = {
			isa = PBXGroup;
			children = (
				EBAA9CFA271C5767008121B7 /* API */,
			);
			path = Config;
			sourceTree = "<group>";
		};
		EBAA9CFA271C5767008121B7 /* API */ = {
			isa = PBXGroup;
			children = (
				EBAA9CFB271C577B008121B7 /* APIConfig.swift */,
				EBAA9CFF271C57DF008121B7 /* APIConfig+PROD.swift */,
				EBAA9D03271C581E008121B7 /* APIConfig+DEV.swift */,
				EBAA9D05271C584E008121B7 /* APIConfig+STG.swift */,
			);
			path = API;
			sourceTree = "<group>";
		};
		EBAA9D07271C59C7008121B7 /* Reactive */ = {
			isa = PBXGroup;
			children = (
				EBAA9D08271C59E5008121B7 /* Reactive+UIScrollView.swift */,
			);
			path = Reactive;
			sourceTree = "<group>";
		};
		EBAA9D0C271C662A008121B7 /* Detail */ = {
			isa = PBXGroup;
			children = (
				EBAA9D0D271C6646008121B7 /* PhotoDetailController.swift */,
				EB6D14A8271C8CE90016E5F4 /* PhotoDetailViewModel.swift */,
				EB6D14AC271C8CFD0016E5F4 /* PhotoDetailCoordinator.swift */,
				EB6D14B0271C8D4E0016E5F4 /* Views */,
			);
			path = Detail;
			sourceTree = "<group>";
		};
		EBC8E4E5271D616A00EE6DE5 /* Tests */ = {
			isa = PBXGroup;
			children = (
				EBC8E4F0271D625100EE6DE5 /* PhotoList */,
				EBCE741E271EEFB700983447 /* Provider */,
				EBC8E4EE271D61E900EE6DE5 /* Supportings */,
			);
			path = Tests;
			sourceTree = "<group>";
		};
		EBC8E4EE271D61E900EE6DE5 /* Supportings */ = {
			isa = PBXGroup;
			children = (
				EBC8E4EF271D623D00EE6DE5 /* Test-Info.plist */,
			);
			path = Supportings;
			sourceTree = "<group>";
		};
		EBC8E4F0271D625100EE6DE5 /* PhotoList */ = {
			isa = PBXGroup;
			children = (
				EBC8E4F1271D628D00EE6DE5 /* PhotoListViewModeTests.swift */,
			);
			path = PhotoList;
			sourceTree = "<group>";
		};
		EBCE741E271EEFB700983447 /* Provider */ = {
			isa = PBXGroup;
			children = (
				EBCE741F271EEFF300983447 /* PhotoListTestDataProvider.swift */,
			);
			path = Provider;
			sourceTree = "<group>";
		};
/* End PBXGroup section */

/* Begin PBXNativeTarget section */
		EB07DC6527172D7C005AD0AF /* ImageGallery-PROD */ = {
			isa = PBXNativeTarget;
			buildConfigurationList = EB07DC7A27172D7E005AD0AF /* Build configuration list for PBXNativeTarget "ImageGallery-PROD" */;
			buildPhases = (
				7766F096BF03D939CDA3BD45 /* [CP] Check Pods Manifest.lock */,
				EB07DC6227172D7C005AD0AF /* Sources */,
				EB07DC6327172D7C005AD0AF /* Frameworks */,
				EB07DC6427172D7C005AD0AF /* Resources */,
				E0F4D9EF91EC39317300CFCB /* [CP] Embed Pods Frameworks */,
			);
			buildRules = (
			);
			dependencies = (
			);
			name = "ImageGallery-PROD";
			productName = ImageGallery;
			productReference = EB07DC6627172D7C005AD0AF /* ImageGallery-PROD.app */;
			productType = "com.apple.product-type.application";
		};
		EB07DC7D27172D91005AD0AF /* ImageGallery-DEV */ = {
			isa = PBXNativeTarget;
			buildConfigurationList = EB07DC8727172D91005AD0AF /* Build configuration list for PBXNativeTarget "ImageGallery-DEV" */;
			buildPhases = (
				1763D35EF0D6891E231A3981 /* [CP] Check Pods Manifest.lock */,
				EB07DC7E27172D91005AD0AF /* Sources */,
				EB07DC8227172D91005AD0AF /* Frameworks */,
				EB07DC8327172D91005AD0AF /* Resources */,
				AC9414B4F0FD8481D841EE24 /* [CP] Embed Pods Frameworks */,
			);
			buildRules = (
			);
			dependencies = (
			);
			name = "ImageGallery-DEV";
			productName = ImageGallery;
			productReference = EB07DC8A27172D91005AD0AF /* ImageGallery-DEV.app */;
			productType = "com.apple.product-type.application";
		};
		EB07DC8C27172DA3005AD0AF /* ImageGallery-STG */ = {
			isa = PBXNativeTarget;
			buildConfigurationList = EB07DC9627172DA3005AD0AF /* Build configuration list for PBXNativeTarget "ImageGallery-STG" */;
			buildPhases = (
				1353305E4FB08FBFCF93A244 /* [CP] Check Pods Manifest.lock */,
				EB07DC8D27172DA3005AD0AF /* Sources */,
				EB07DC9127172DA3005AD0AF /* Frameworks */,
				EB07DC9227172DA3005AD0AF /* Resources */,
				D489AA7A7C4A1687D3FF1BF5 /* [CP] Embed Pods Frameworks */,
			);
			buildRules = (
			);
			dependencies = (
			);
			name = "ImageGallery-STG";
			productName = ImageGallery;
			productReference = EB07DC9927172DA3005AD0AF /* ImageGallery-STG.app */;
			productType = "com.apple.product-type.application";
		};
		EBC8E4E3271D616A00EE6DE5 /* ImageGallery-Test */ = {
			isa = PBXNativeTarget;
			buildConfigurationList = EBC8E4ED271D616A00EE6DE5 /* Build configuration list for PBXNativeTarget "ImageGallery-Test" */;
			buildPhases = (
				BF41B3A4EF518EC20BD23E57 /* [CP] Check Pods Manifest.lock */,
				EBC8E4E0271D616A00EE6DE5 /* Sources */,
				EBC8E4E1271D616A00EE6DE5 /* Frameworks */,
				EBC8E4E2271D616A00EE6DE5 /* Resources */,
			);
			buildRules = (
			);
			dependencies = (
				EBC8E4EA271D616A00EE6DE5 /* PBXTargetDependency */,
			);
			name = "ImageGallery-Test";
			productName = "ImageGallery-Test";
			productReference = EBC8E4E4271D616A00EE6DE5 /* ImageGallery-Test.xctest */;
			productType = "com.apple.product-type.bundle.unit-test";
		};
/* End PBXNativeTarget section */

/* Begin PBXProject section */
		EB07DC5E27172D7C005AD0AF /* Project object */ = {
			isa = PBXProject;
			attributes = {
				LastSwiftUpdateCheck = 1250;
				LastUpgradeCheck = 1250;
				TargetAttributes = {
					EB07DC6527172D7C005AD0AF = {
						CreatedOnToolsVersion = 12.5.1;
					};
					EBC8E4E3271D616A00EE6DE5 = {
						CreatedOnToolsVersion = 12.5.1;
						LastSwiftMigration = 1250;
						TestTargetID = EB07DC6527172D7C005AD0AF;
					};
				};
			};
			buildConfigurationList = EB07DC6127172D7C005AD0AF /* Build configuration list for PBXProject "ImageGallery" */;
			compatibilityVersion = "Xcode 9.3";
			developmentRegion = en;
			hasScannedForEncodings = 0;
			knownRegions = (
				en,
				Base,
			);
			mainGroup = EB07DC5D27172D7C005AD0AF;
			productRefGroup = EB07DC6727172D7C005AD0AF /* Products */;
			projectDirPath = "";
			projectRoot = "";
			targets = (
				EB07DC6527172D7C005AD0AF /* ImageGallery-PROD */,
				EB07DC7D27172D91005AD0AF /* ImageGallery-DEV */,
				EB07DC8C27172DA3005AD0AF /* ImageGallery-STG */,
				EBC8E4E3271D616A00EE6DE5 /* ImageGallery-Test */,
			);
		};
/* End PBXProject section */

/* Begin PBXResourcesBuildPhase section */
		EB07DC6427172D7C005AD0AF /* Resources */ = {
			isa = PBXResourcesBuildPhase;
			buildActionMask = 2147483647;
			files = (
				EB07DC7627172D7E005AD0AF /* LaunchScreen.storyboard in Resources */,
				EB07DC7327172D7E005AD0AF /* Assets.xcassets in Resources */,
			);
			runOnlyForDeploymentPostprocessing = 0;
		};
		EB07DC8327172D91005AD0AF /* Resources */ = {
			isa = PBXResourcesBuildPhase;
			buildActionMask = 2147483647;
			files = (
				EB07DC8427172D91005AD0AF /* LaunchScreen.storyboard in Resources */,
				EB07DC8527172D91005AD0AF /* Assets.xcassets in Resources */,
			);
			runOnlyForDeploymentPostprocessing = 0;
		};
		EB07DC9227172DA3005AD0AF /* Resources */ = {
			isa = PBXResourcesBuildPhase;
			buildActionMask = 2147483647;
			files = (
				EB07DC9327172DA3005AD0AF /* LaunchScreen.storyboard in Resources */,
				EB07DC9427172DA3005AD0AF /* Assets.xcassets in Resources */,
			);
			runOnlyForDeploymentPostprocessing = 0;
		};
		EBC8E4E2271D616A00EE6DE5 /* Resources */ = {
			isa = PBXResourcesBuildPhase;
			buildActionMask = 2147483647;
			files = (
			);
			runOnlyForDeploymentPostprocessing = 0;
		};
/* End PBXResourcesBuildPhase section */

/* Begin PBXShellScriptBuildPhase section */
		1353305E4FB08FBFCF93A244 /* [CP] Check Pods Manifest.lock */ = {
			isa = PBXShellScriptBuildPhase;
			buildActionMask = 2147483647;
			files = (
			);
			inputFileListPaths = (
			);
			inputPaths = (
				"${PODS_PODFILE_DIR_PATH}/Podfile.lock",
				"${PODS_ROOT}/Manifest.lock",
			);
			name = "[CP] Check Pods Manifest.lock";
			outputFileListPaths = (
			);
			outputPaths = (
				"$(DERIVED_FILE_DIR)/Pods-ImageGallery-STG-checkManifestLockResult.txt",
			);
			runOnlyForDeploymentPostprocessing = 0;
			shellPath = /bin/sh;
			shellScript = "diff \"${PODS_PODFILE_DIR_PATH}/Podfile.lock\" \"${PODS_ROOT}/Manifest.lock\" > /dev/null\nif [ $? != 0 ] ; then\n    # print error to STDERR\n    echo \"error: The sandbox is not in sync with the Podfile.lock. Run 'pod install' or update your CocoaPods installation.\" >&2\n    exit 1\nfi\n# This output is used by Xcode 'outputs' to avoid re-running this script phase.\necho \"SUCCESS\" > \"${SCRIPT_OUTPUT_FILE_0}\"\n";
			showEnvVarsInLog = 0;
		};
		1763D35EF0D6891E231A3981 /* [CP] Check Pods Manifest.lock */ = {
			isa = PBXShellScriptBuildPhase;
			buildActionMask = 2147483647;
			files = (
			);
			inputFileListPaths = (
			);
			inputPaths = (
				"${PODS_PODFILE_DIR_PATH}/Podfile.lock",
				"${PODS_ROOT}/Manifest.lock",
			);
			name = "[CP] Check Pods Manifest.lock";
			outputFileListPaths = (
			);
			outputPaths = (
				"$(DERIVED_FILE_DIR)/Pods-ImageGallery-DEV-checkManifestLockResult.txt",
			);
			runOnlyForDeploymentPostprocessing = 0;
			shellPath = /bin/sh;
			shellScript = "diff \"${PODS_PODFILE_DIR_PATH}/Podfile.lock\" \"${PODS_ROOT}/Manifest.lock\" > /dev/null\nif [ $? != 0 ] ; then\n    # print error to STDERR\n    echo \"error: The sandbox is not in sync with the Podfile.lock. Run 'pod install' or update your CocoaPods installation.\" >&2\n    exit 1\nfi\n# This output is used by Xcode 'outputs' to avoid re-running this script phase.\necho \"SUCCESS\" > \"${SCRIPT_OUTPUT_FILE_0}\"\n";
			showEnvVarsInLog = 0;
		};
		7766F096BF03D939CDA3BD45 /* [CP] Check Pods Manifest.lock */ = {
			isa = PBXShellScriptBuildPhase;
			buildActionMask = 2147483647;
			files = (
			);
			inputFileListPaths = (
			);
			inputPaths = (
				"${PODS_PODFILE_DIR_PATH}/Podfile.lock",
				"${PODS_ROOT}/Manifest.lock",
			);
			name = "[CP] Check Pods Manifest.lock";
			outputFileListPaths = (
			);
			outputPaths = (
				"$(DERIVED_FILE_DIR)/Pods-ImageGallery-PROD-checkManifestLockResult.txt",
			);
			runOnlyForDeploymentPostprocessing = 0;
			shellPath = /bin/sh;
			shellScript = "diff \"${PODS_PODFILE_DIR_PATH}/Podfile.lock\" \"${PODS_ROOT}/Manifest.lock\" > /dev/null\nif [ $? != 0 ] ; then\n    # print error to STDERR\n    echo \"error: The sandbox is not in sync with the Podfile.lock. Run 'pod install' or update your CocoaPods installation.\" >&2\n    exit 1\nfi\n# This output is used by Xcode 'outputs' to avoid re-running this script phase.\necho \"SUCCESS\" > \"${SCRIPT_OUTPUT_FILE_0}\"\n";
			showEnvVarsInLog = 0;
		};
		AC9414B4F0FD8481D841EE24 /* [CP] Embed Pods Frameworks */ = {
			isa = PBXShellScriptBuildPhase;
			buildActionMask = 2147483647;
			files = (
			);
			inputFileListPaths = (
				"${PODS_ROOT}/Target Support Files/Pods-ImageGallery-DEV/Pods-ImageGallery-DEV-frameworks-${CONFIGURATION}-input-files.xcfilelist",
			);
			name = "[CP] Embed Pods Frameworks";
			outputFileListPaths = (
				"${PODS_ROOT}/Target Support Files/Pods-ImageGallery-DEV/Pods-ImageGallery-DEV-frameworks-${CONFIGURATION}-output-files.xcfilelist",
			);
			runOnlyForDeploymentPostprocessing = 0;
			shellPath = /bin/sh;
			shellScript = "\"${PODS_ROOT}/Target Support Files/Pods-ImageGallery-DEV/Pods-ImageGallery-DEV-frameworks.sh\"\n";
			showEnvVarsInLog = 0;
		};
		BF41B3A4EF518EC20BD23E57 /* [CP] Check Pods Manifest.lock */ = {
			isa = PBXShellScriptBuildPhase;
			buildActionMask = 2147483647;
			files = (
			);
			inputFileListPaths = (
			);
			inputPaths = (
				"${PODS_PODFILE_DIR_PATH}/Podfile.lock",
				"${PODS_ROOT}/Manifest.lock",
			);
			name = "[CP] Check Pods Manifest.lock";
			outputFileListPaths = (
			);
			outputPaths = (
				"$(DERIVED_FILE_DIR)/Pods-ImageGallery-Test-checkManifestLockResult.txt",
			);
			runOnlyForDeploymentPostprocessing = 0;
			shellPath = /bin/sh;
			shellScript = "diff \"${PODS_PODFILE_DIR_PATH}/Podfile.lock\" \"${PODS_ROOT}/Manifest.lock\" > /dev/null\nif [ $? != 0 ] ; then\n    # print error to STDERR\n    echo \"error: The sandbox is not in sync with the Podfile.lock. Run 'pod install' or update your CocoaPods installation.\" >&2\n    exit 1\nfi\n# This output is used by Xcode 'outputs' to avoid re-running this script phase.\necho \"SUCCESS\" > \"${SCRIPT_OUTPUT_FILE_0}\"\n";
			showEnvVarsInLog = 0;
		};
		D489AA7A7C4A1687D3FF1BF5 /* [CP] Embed Pods Frameworks */ = {
			isa = PBXShellScriptBuildPhase;
			buildActionMask = 2147483647;
			files = (
			);
			inputFileListPaths = (
				"${PODS_ROOT}/Target Support Files/Pods-ImageGallery-STG/Pods-ImageGallery-STG-frameworks-${CONFIGURATION}-input-files.xcfilelist",
			);
			name = "[CP] Embed Pods Frameworks";
			outputFileListPaths = (
				"${PODS_ROOT}/Target Support Files/Pods-ImageGallery-STG/Pods-ImageGallery-STG-frameworks-${CONFIGURATION}-output-files.xcfilelist",
			);
			runOnlyForDeploymentPostprocessing = 0;
			shellPath = /bin/sh;
			shellScript = "\"${PODS_ROOT}/Target Support Files/Pods-ImageGallery-STG/Pods-ImageGallery-STG-frameworks.sh\"\n";
			showEnvVarsInLog = 0;
		};
		E0F4D9EF91EC39317300CFCB /* [CP] Embed Pods Frameworks */ = {
			isa = PBXShellScriptBuildPhase;
			buildActionMask = 2147483647;
			files = (
			);
			inputFileListPaths = (
				"${PODS_ROOT}/Target Support Files/Pods-ImageGallery-PROD/Pods-ImageGallery-PROD-frameworks-${CONFIGURATION}-input-files.xcfilelist",
			);
			name = "[CP] Embed Pods Frameworks";
			outputFileListPaths = (
				"${PODS_ROOT}/Target Support Files/Pods-ImageGallery-PROD/Pods-ImageGallery-PROD-frameworks-${CONFIGURATION}-output-files.xcfilelist",
			);
			runOnlyForDeploymentPostprocessing = 0;
			shellPath = /bin/sh;
			shellScript = "\"${PODS_ROOT}/Target Support Files/Pods-ImageGallery-PROD/Pods-ImageGallery-PROD-frameworks.sh\"\n";
			showEnvVarsInLog = 0;
		};
/* End PBXShellScriptBuildPhase section */

/* Begin PBXSourcesBuildPhase section */
		EB07DC6227172D7C005AD0AF /* Sources */ = {
			isa = PBXSourcesBuildPhase;
			buildActionMask = 2147483647;
			files = (
				EB2B08302719FE55004B8EC8 /* PhotoFeed.swift in Sources */,
				EB07DCD627173DA0005AD0AF /* BaseViewController.swift in Sources */,
				EBAA9CFC271C577B008121B7 /* APIConfig.swift in Sources */,
				EB07DC6A27172D7C005AD0AF /* AppDelegate.swift in Sources */,
				EB07DCDF27173F75005AD0AF /* SplashView.swift in Sources */,
				EB6D14B2271C8D650016E5F4 /* PhotoDetailView.swift in Sources */,
				EB07DCC1271735C4005AD0AF /* BaseCoordinator.swift in Sources */,
				EB1C800327197E1F00D4F984 /* Others.swift in Sources */,
				EB07DCBC27173552005AD0AF /* SplashCoordinator.swift in Sources */,
				EB1C8010271986CC00D4F984 /* HTTPClient.swift in Sources */,
				EB07DCD227173D0C005AD0AF /* BaseView.swift in Sources */,
				EB4255AE271B6BB900E03C5E /* UIImageView+Ext.swift in Sources */,
				EB07DCA927173286005AD0AF /* Coordinatable.swift in Sources */,
				EB1C7FFE27197D9100D4F984 /* RequestType.swift in Sources */,
				EBCE741B271EB3CF00983447 /* UICollectionView+Ext.swift in Sources */,
				EB07DCAD271733A4005AD0AF /* ViewModelable.swift in Sources */,
				EB2B0838271A064F004B8EC8 /* ViewModelType.swift in Sources */,
				EB2B0841271A1647004B8EC8 /* PhotoListViewModel.swift in Sources */,
				EB1C7FFA27197D6000D4F984 /* HTTPMethod.swift in Sources */,
				EB2B0845271A165E004B8EC8 /* PhotoListCoordinator.swift in Sources */,
				EB07DCDA27173E23005AD0AF /* RootViewConfigurator.swift in Sources */,
				EBAA9D0E271C6646008121B7 /* PhotoDetailController.swift in Sources */,
				EB6D14A9271C8CE90016E5F4 /* PhotoDetailViewModel.swift in Sources */,
				EBAA9D09271C59E5008121B7 /* Reactive+UIScrollView.swift in Sources */,
				EB07DCC627173771005AD0AF /* UINavigationController+Ext.swift in Sources */,
				EB07DCCE27173C91005AD0AF /* UIConfigurator.swift in Sources */,
				EB44284C271ABBCB00285C3E /* PhotoListCell.swift in Sources */,
				EB07DCB427173534005AD0AF /* SplashViewController.swift in Sources */,
				EB07DCE4271740F6005AD0AF /* Const.swift in Sources */,
				EB2B08342719FE79004B8EC8 /* PhotoFeedRequest.swift in Sources */,
				EB1C80072719823700D4F984 /* HTTPRequest.swift in Sources */,
				EB442850271ABBEB00285C3E /* BaseCollectionViewCell.swift in Sources */,
				EB6D14AD271C8CFD0016E5F4 /* PhotoDetailCoordinator.swift in Sources */,
				EB07DC6C27172D7C005AD0AF /* SceneDelegate.swift in Sources */,
				EB2B083D271A1639004B8EC8 /* PhotoListViewController.swift in Sources */,
				EB07DCA5271731F0005AD0AF /* Coordinator.swift in Sources */,
				EB1C801B27198DB700D4F984 /* APIRequest.swift in Sources */,
				EB1C800C271984D200D4F984 /* APIError.swift in Sources */,
				EB2B084A271A16D7004B8EC8 /* PhotoListView.swift in Sources */,
				EBAA9D00271C57DF008121B7 /* APIConfig+PROD.swift in Sources */,
			);
			runOnlyForDeploymentPostprocessing = 0;
		};
		EB07DC7E27172D91005AD0AF /* Sources */ = {
			isa = PBXSourcesBuildPhase;
			buildActionMask = 2147483647;
			files = (
				EB2B08312719FE55004B8EC8 /* PhotoFeed.swift in Sources */,
				EB07DCD727173DA0005AD0AF /* BaseViewController.swift in Sources */,
				EBAA9CFD271C577B008121B7 /* APIConfig.swift in Sources */,
				EB07DC8027172D91005AD0AF /* AppDelegate.swift in Sources */,
				EB07DCE027173F75005AD0AF /* SplashView.swift in Sources */,
				EB6D14B3271C8D650016E5F4 /* PhotoDetailView.swift in Sources */,
				EB07DCC2271735C4005AD0AF /* BaseCoordinator.swift in Sources */,
				EB1C800427197E1F00D4F984 /* Others.swift in Sources */,
				EB07DCBD27173552005AD0AF /* SplashCoordinator.swift in Sources */,
				EB1C8011271986CC00D4F984 /* HTTPClient.swift in Sources */,
				EB07DCD327173D0C005AD0AF /* BaseView.swift in Sources */,
				EB4255AF271B6BB900E03C5E /* UIImageView+Ext.swift in Sources */,
				EB07DCAA27173286005AD0AF /* Coordinatable.swift in Sources */,
				EB1C7FFF27197D9100D4F984 /* RequestType.swift in Sources */,
				EBCE741C271EB3CF00983447 /* UICollectionView+Ext.swift in Sources */,
				EB07DCAE271733A4005AD0AF /* ViewModelable.swift in Sources */,
				EBAA9D04271C581E008121B7 /* APIConfig+DEV.swift in Sources */,
				EB2B0839271A064F004B8EC8 /* ViewModelType.swift in Sources */,
				EB2B0842271A1647004B8EC8 /* PhotoListViewModel.swift in Sources */,
				EB1C7FFB27197D6000D4F984 /* HTTPMethod.swift in Sources */,
				EB2B0846271A165E004B8EC8 /* PhotoListCoordinator.swift in Sources */,
				EBAA9D0F271C6646008121B7 /* PhotoDetailController.swift in Sources */,
				EB6D14AA271C8CE90016E5F4 /* PhotoDetailViewModel.swift in Sources */,
				EBAA9D0A271C59E5008121B7 /* Reactive+UIScrollView.swift in Sources */,
				EB07DCDB27173E23005AD0AF /* RootViewConfigurator.swift in Sources */,
				EB07DCC727173771005AD0AF /* UINavigationController+Ext.swift in Sources */,
				EB07DCCF27173C91005AD0AF /* UIConfigurator.swift in Sources */,
				EB44284D271ABBCB00285C3E /* PhotoListCell.swift in Sources */,
				EB07DCB527173534005AD0AF /* SplashViewController.swift in Sources */,
				EB07DCE5271740F6005AD0AF /* Const.swift in Sources */,
				EB2B08352719FE79004B8EC8 /* PhotoFeedRequest.swift in Sources */,
				EB1C80082719823700D4F984 /* HTTPRequest.swift in Sources */,
				EB6D14AE271C8CFD0016E5F4 /* PhotoDetailCoordinator.swift in Sources */,
				EB442851271ABBEB00285C3E /* BaseCollectionViewCell.swift in Sources */,
				EB07DC8127172D91005AD0AF /* SceneDelegate.swift in Sources */,
				EB2B083E271A1639004B8EC8 /* PhotoListViewController.swift in Sources */,
				EB07DCA6271731F0005AD0AF /* Coordinator.swift in Sources */,
				EB1C801C27198DB700D4F984 /* APIRequest.swift in Sources */,
				EB1C800D271984D200D4F984 /* APIError.swift in Sources */,
				EB2B084B271A16D7004B8EC8 /* PhotoListView.swift in Sources */,
			);
			runOnlyForDeploymentPostprocessing = 0;
		};
		EB07DC8D27172DA3005AD0AF /* Sources */ = {
			isa = PBXSourcesBuildPhase;
			buildActionMask = 2147483647;
			files = (
				EB2B08322719FE55004B8EC8 /* PhotoFeed.swift in Sources */,
				EB07DCD827173DA0005AD0AF /* BaseViewController.swift in Sources */,
				EBAA9CFE271C577B008121B7 /* APIConfig.swift in Sources */,
				EB07DC8F27172DA3005AD0AF /* AppDelegate.swift in Sources */,
				EB07DCE127173F75005AD0AF /* SplashView.swift in Sources */,
				EB6D14B4271C8D650016E5F4 /* PhotoDetailView.swift in Sources */,
				EB07DCC3271735C4005AD0AF /* BaseCoordinator.swift in Sources */,
				EB1C800527197E1F00D4F984 /* Others.swift in Sources */,
				EB07DCBE27173552005AD0AF /* SplashCoordinator.swift in Sources */,
				EB1C8012271986CC00D4F984 /* HTTPClient.swift in Sources */,
				EB07DCD427173D0C005AD0AF /* BaseView.swift in Sources */,
				EB4255B0271B6BB900E03C5E /* UIImageView+Ext.swift in Sources */,
				EB07DCAB27173286005AD0AF /* Coordinatable.swift in Sources */,
				EB1C800027197D9100D4F984 /* RequestType.swift in Sources */,
				EBCE741D271EB3CF00983447 /* UICollectionView+Ext.swift in Sources */,
				EB07DCAF271733A4005AD0AF /* ViewModelable.swift in Sources */,
				EB2B083A271A064F004B8EC8 /* ViewModelType.swift in Sources */,
				EBAA9D06271C584E008121B7 /* APIConfig+STG.swift in Sources */,
				EB2B0843271A1647004B8EC8 /* PhotoListViewModel.swift in Sources */,
				EB1C7FFC27197D6000D4F984 /* HTTPMethod.swift in Sources */,
				EB2B0847271A165E004B8EC8 /* PhotoListCoordinator.swift in Sources */,
				EBAA9D10271C6646008121B7 /* PhotoDetailController.swift in Sources */,
				EB6D14AB271C8CE90016E5F4 /* PhotoDetailViewModel.swift in Sources */,
				EBAA9D0B271C59E5008121B7 /* Reactive+UIScrollView.swift in Sources */,
				EB07DCDC27173E23005AD0AF /* RootViewConfigurator.swift in Sources */,
				EB07DCC827173771005AD0AF /* UINavigationController+Ext.swift in Sources */,
				EB07DCD027173C91005AD0AF /* UIConfigurator.swift in Sources */,
				EB44284E271ABBCB00285C3E /* PhotoListCell.swift in Sources */,
				EB07DCB627173534005AD0AF /* SplashViewController.swift in Sources */,
				EB07DCE6271740F6005AD0AF /* Const.swift in Sources */,
				EB2B08362719FE79004B8EC8 /* PhotoFeedRequest.swift in Sources */,
				EB1C80092719823700D4F984 /* HTTPRequest.swift in Sources */,
				EB6D14AF271C8CFD0016E5F4 /* PhotoDetailCoordinator.swift in Sources */,
				EB442852271ABBEB00285C3E /* BaseCollectionViewCell.swift in Sources */,
				EB07DC9027172DA3005AD0AF /* SceneDelegate.swift in Sources */,
				EB2B083F271A1639004B8EC8 /* PhotoListViewController.swift in Sources */,
				EB07DCA7271731F0005AD0AF /* Coordinator.swift in Sources */,
				EB1C801D27198DB700D4F984 /* APIRequest.swift in Sources */,
				EB1C800E271984D200D4F984 /* APIError.swift in Sources */,
				EB2B084C271A16D7004B8EC8 /* PhotoListView.swift in Sources */,
			);
			runOnlyForDeploymentPostprocessing = 0;
		};
		EBC8E4E0271D616A00EE6DE5 /* Sources */ = {
			isa = PBXSourcesBuildPhase;
			buildActionMask = 2147483647;
			files = (
				EBC8E4F2271D628D00EE6DE5 /* PhotoListViewModeTests.swift in Sources */,
				EBCE7420271EEFF300983447 /* PhotoListTestDataProvider.swift in Sources */,
			);
			runOnlyForDeploymentPostprocessing = 0;
		};
/* End PBXSourcesBuildPhase section */

/* Begin PBXTargetDependency section */
		EBC8E4EA271D616A00EE6DE5 /* PBXTargetDependency */ = {
			isa = PBXTargetDependency;
			target = EB07DC6527172D7C005AD0AF /* ImageGallery-PROD */;
			targetProxy = EBC8E4E9271D616A00EE6DE5 /* PBXContainerItemProxy */;
		};
/* End PBXTargetDependency section */

/* Begin PBXVariantGroup section */
		EB07DC7427172D7E005AD0AF /* LaunchScreen.storyboard */ = {
			isa = PBXVariantGroup;
			children = (
				EB07DC7527172D7E005AD0AF /* Base */,
			);
			name = LaunchScreen.storyboard;
			sourceTree = "<group>";
		};
/* End PBXVariantGroup section */

/* Begin XCBuildConfiguration section */
		EB07DC7827172D7E005AD0AF /* Debug */ = {
			isa = XCBuildConfiguration;
			buildSettings = {
				ALWAYS_SEARCH_USER_PATHS = NO;
				CLANG_ANALYZER_NONNULL = YES;
				CLANG_ANALYZER_NUMBER_OBJECT_CONVERSION = YES_AGGRESSIVE;
				CLANG_CXX_LANGUAGE_STANDARD = "gnu++14";
				CLANG_CXX_LIBRARY = "libc++";
				CLANG_ENABLE_MODULES = YES;
				CLANG_ENABLE_OBJC_ARC = YES;
				CLANG_ENABLE_OBJC_WEAK = YES;
				CLANG_WARN_BLOCK_CAPTURE_AUTORELEASING = YES;
				CLANG_WARN_BOOL_CONVERSION = YES;
				CLANG_WARN_COMMA = YES;
				CLANG_WARN_CONSTANT_CONVERSION = YES;
				CLANG_WARN_DEPRECATED_OBJC_IMPLEMENTATIONS = YES;
				CLANG_WARN_DIRECT_OBJC_ISA_USAGE = YES_ERROR;
				CLANG_WARN_DOCUMENTATION_COMMENTS = YES;
				CLANG_WARN_EMPTY_BODY = YES;
				CLANG_WARN_ENUM_CONVERSION = YES;
				CLANG_WARN_INFINITE_RECURSION = YES;
				CLANG_WARN_INT_CONVERSION = YES;
				CLANG_WARN_NON_LITERAL_NULL_CONVERSION = YES;
				CLANG_WARN_OBJC_IMPLICIT_RETAIN_SELF = YES;
				CLANG_WARN_OBJC_LITERAL_CONVERSION = YES;
				CLANG_WARN_OBJC_ROOT_CLASS = YES_ERROR;
				CLANG_WARN_QUOTED_INCLUDE_IN_FRAMEWORK_HEADER = YES;
				CLANG_WARN_RANGE_LOOP_ANALYSIS = YES;
				CLANG_WARN_STRICT_PROTOTYPES = YES;
				CLANG_WARN_SUSPICIOUS_MOVE = YES;
				CLANG_WARN_UNGUARDED_AVAILABILITY = YES_AGGRESSIVE;
				CLANG_WARN_UNREACHABLE_CODE = YES;
				CLANG_WARN__DUPLICATE_METHOD_MATCH = YES;
				COPY_PHASE_STRIP = NO;
				DEBUG_INFORMATION_FORMAT = dwarf;
				ENABLE_STRICT_OBJC_MSGSEND = YES;
				ENABLE_TESTABILITY = YES;
				GCC_C_LANGUAGE_STANDARD = gnu11;
				GCC_DYNAMIC_NO_PIC = NO;
				GCC_NO_COMMON_BLOCKS = YES;
				GCC_OPTIMIZATION_LEVEL = 0;
				GCC_PREPROCESSOR_DEFINITIONS = (
					"DEBUG=1",
					"$(inherited)",
				);
				GCC_WARN_64_TO_32_BIT_CONVERSION = YES;
				GCC_WARN_ABOUT_RETURN_TYPE = YES_ERROR;
				GCC_WARN_UNDECLARED_SELECTOR = YES;
				GCC_WARN_UNINITIALIZED_AUTOS = YES_AGGRESSIVE;
				GCC_WARN_UNUSED_FUNCTION = YES;
				GCC_WARN_UNUSED_VARIABLE = YES;
				IPHONEOS_DEPLOYMENT_TARGET = 14.5;
				MTL_ENABLE_DEBUG_INFO = INCLUDE_SOURCE;
				MTL_FAST_MATH = YES;
				ONLY_ACTIVE_ARCH = YES;
				SDKROOT = iphoneos;
				SWIFT_ACTIVE_COMPILATION_CONDITIONS = DEBUG;
				SWIFT_OPTIMIZATION_LEVEL = "-Onone";
			};
			name = Debug;
		};
		EB07DC7927172D7E005AD0AF /* Release */ = {
			isa = XCBuildConfiguration;
			buildSettings = {
				ALWAYS_SEARCH_USER_PATHS = NO;
				CLANG_ANALYZER_NONNULL = YES;
				CLANG_ANALYZER_NUMBER_OBJECT_CONVERSION = YES_AGGRESSIVE;
				CLANG_CXX_LANGUAGE_STANDARD = "gnu++14";
				CLANG_CXX_LIBRARY = "libc++";
				CLANG_ENABLE_MODULES = YES;
				CLANG_ENABLE_OBJC_ARC = YES;
				CLANG_ENABLE_OBJC_WEAK = YES;
				CLANG_WARN_BLOCK_CAPTURE_AUTORELEASING = YES;
				CLANG_WARN_BOOL_CONVERSION = YES;
				CLANG_WARN_COMMA = YES;
				CLANG_WARN_CONSTANT_CONVERSION = YES;
				CLANG_WARN_DEPRECATED_OBJC_IMPLEMENTATIONS = YES;
				CLANG_WARN_DIRECT_OBJC_ISA_USAGE = YES_ERROR;
				CLANG_WARN_DOCUMENTATION_COMMENTS = YES;
				CLANG_WARN_EMPTY_BODY = YES;
				CLANG_WARN_ENUM_CONVERSION = YES;
				CLANG_WARN_INFINITE_RECURSION = YES;
				CLANG_WARN_INT_CONVERSION = YES;
				CLANG_WARN_NON_LITERAL_NULL_CONVERSION = YES;
				CLANG_WARN_OBJC_IMPLICIT_RETAIN_SELF = YES;
				CLANG_WARN_OBJC_LITERAL_CONVERSION = YES;
				CLANG_WARN_OBJC_ROOT_CLASS = YES_ERROR;
				CLANG_WARN_QUOTED_INCLUDE_IN_FRAMEWORK_HEADER = YES;
				CLANG_WARN_RANGE_LOOP_ANALYSIS = YES;
				CLANG_WARN_STRICT_PROTOTYPES = YES;
				CLANG_WARN_SUSPICIOUS_MOVE = YES;
				CLANG_WARN_UNGUARDED_AVAILABILITY = YES_AGGRESSIVE;
				CLANG_WARN_UNREACHABLE_CODE = YES;
				CLANG_WARN__DUPLICATE_METHOD_MATCH = YES;
				COPY_PHASE_STRIP = NO;
				DEBUG_INFORMATION_FORMAT = "dwarf-with-dsym";
				ENABLE_NS_ASSERTIONS = NO;
				ENABLE_STRICT_OBJC_MSGSEND = YES;
				GCC_C_LANGUAGE_STANDARD = gnu11;
				GCC_NO_COMMON_BLOCKS = YES;
				GCC_WARN_64_TO_32_BIT_CONVERSION = YES;
				GCC_WARN_ABOUT_RETURN_TYPE = YES_ERROR;
				GCC_WARN_UNDECLARED_SELECTOR = YES;
				GCC_WARN_UNINITIALIZED_AUTOS = YES_AGGRESSIVE;
				GCC_WARN_UNUSED_FUNCTION = YES;
				GCC_WARN_UNUSED_VARIABLE = YES;
				IPHONEOS_DEPLOYMENT_TARGET = 14.5;
				MTL_ENABLE_DEBUG_INFO = NO;
				MTL_FAST_MATH = YES;
				SDKROOT = iphoneos;
				SWIFT_COMPILATION_MODE = wholemodule;
				SWIFT_OPTIMIZATION_LEVEL = "-O";
				VALIDATE_PRODUCT = YES;
			};
			name = Release;
		};
		EB07DC7B27172D7E005AD0AF /* Debug */ = {
			isa = XCBuildConfiguration;
			baseConfigurationReference = 5FFC7AE5A898690CADA759E5 /* Pods-ImageGallery-PROD.debug.xcconfig */;
			buildSettings = {
				ASSETCATALOG_COMPILER_APPICON_NAME = AppIcon;
				ASSETCATALOG_COMPILER_GLOBAL_ACCENT_COLOR_NAME = AccentColor;
				CODE_SIGN_STYLE = Automatic;
				DEVELOPMENT_TEAM = HJAK9X8758;
				INFOPLIST_FILE = "App/Supportings/Info-PROD.plist";
				LD_RUNPATH_SEARCH_PATHS = (
					"$(inherited)",
					"@executable_path/Frameworks",
				);
				OTHER_SWIFT_FLAGS = "-D PROD";
				PRODUCT_BUNDLE_IDENTIFIER = jp.rasel.ImageGallery;
				PRODUCT_NAME = "$(TARGET_NAME)";
				SWIFT_VERSION = 5.0;
				TARGETED_DEVICE_FAMILY = "1,2";
			};
			name = Debug;
		};
		EB07DC7C27172D7E005AD0AF /* Release */ = {
			isa = XCBuildConfiguration;
			baseConfigurationReference = E34E5E07D0703365A4159973 /* Pods-ImageGallery-PROD.release.xcconfig */;
			buildSettings = {
				ASSETCATALOG_COMPILER_APPICON_NAME = AppIcon;
				ASSETCATALOG_COMPILER_GLOBAL_ACCENT_COLOR_NAME = AccentColor;
				CODE_SIGN_STYLE = Automatic;
				DEVELOPMENT_TEAM = HJAK9X8758;
				INFOPLIST_FILE = "App/Supportings/Info-PROD.plist";
				LD_RUNPATH_SEARCH_PATHS = (
					"$(inherited)",
					"@executable_path/Frameworks",
				);
				OTHER_SWIFT_FLAGS = "-D PROD";
				PRODUCT_BUNDLE_IDENTIFIER = jp.rasel.ImageGallery;
				PRODUCT_NAME = "$(TARGET_NAME)";
				SWIFT_VERSION = 5.0;
				TARGETED_DEVICE_FAMILY = "1,2";
			};
			name = Release;
		};
		EB07DC8827172D91005AD0AF /* Debug */ = {
			isa = XCBuildConfiguration;
			baseConfigurationReference = 5BB18A5657B148E7E4DF6B48 /* Pods-ImageGallery-DEV.debug.xcconfig */;
			buildSettings = {
				ASSETCATALOG_COMPILER_APPICON_NAME = AppIcon;
				ASSETCATALOG_COMPILER_GLOBAL_ACCENT_COLOR_NAME = AccentColor;
				CODE_SIGN_STYLE = Automatic;
				DEVELOPMENT_TEAM = HJAK9X8758;
				INFOPLIST_FILE = "App/Supportings/Info-DEV.plist";
				LD_RUNPATH_SEARCH_PATHS = (
					"$(inherited)",
					"@executable_path/Frameworks",
				);
				OTHER_SWIFT_FLAGS = "-D DEV";
				PRODUCT_BUNDLE_IDENTIFIER = jp.rasel.ImageGallery;
				PRODUCT_NAME = "$(TARGET_NAME)";
				SWIFT_VERSION = 5.0;
				TARGETED_DEVICE_FAMILY = "1,2";
			};
			name = Debug;
		};
		EB07DC8927172D91005AD0AF /* Release */ = {
			isa = XCBuildConfiguration;
			baseConfigurationReference = 781C62B880D2204375C8CB47 /* Pods-ImageGallery-DEV.release.xcconfig */;
			buildSettings = {
				ASSETCATALOG_COMPILER_APPICON_NAME = AppIcon;
				ASSETCATALOG_COMPILER_GLOBAL_ACCENT_COLOR_NAME = AccentColor;
				CODE_SIGN_STYLE = Automatic;
				DEVELOPMENT_TEAM = HJAK9X8758;
				INFOPLIST_FILE = "App/Supportings/Info-DEV.plist";
				LD_RUNPATH_SEARCH_PATHS = (
					"$(inherited)",
					"@executable_path/Frameworks",
				);
				OTHER_SWIFT_FLAGS = "-D DEV";
				PRODUCT_BUNDLE_IDENTIFIER = jp.rasel.ImageGallery;
				PRODUCT_NAME = "$(TARGET_NAME)";
				SWIFT_VERSION = 5.0;
				TARGETED_DEVICE_FAMILY = "1,2";
			};
			name = Release;
		};
		EB07DC9727172DA3005AD0AF /* Debug */ = {
			isa = XCBuildConfiguration;
			baseConfigurationReference = F0CAEF9399A66FC5F3B08642 /* Pods-ImageGallery-STG.debug.xcconfig */;
			buildSettings = {
				ASSETCATALOG_COMPILER_APPICON_NAME = AppIcon;
				ASSETCATALOG_COMPILER_GLOBAL_ACCENT_COLOR_NAME = AccentColor;
				CODE_SIGN_STYLE = Automatic;
				DEVELOPMENT_TEAM = HJAK9X8758;
				INFOPLIST_FILE = "App/Supportings/Info-STG.plist";
				LD_RUNPATH_SEARCH_PATHS = (
					"$(inherited)",
					"@executable_path/Frameworks",
				);
				OTHER_SWIFT_FLAGS = "-D STG";
				PRODUCT_BUNDLE_IDENTIFIER = jp.rasel.ImageGallery;
				PRODUCT_NAME = "$(TARGET_NAME)";
				SWIFT_VERSION = 5.0;
				TARGETED_DEVICE_FAMILY = "1,2";
			};
			name = Debug;
		};
		EB07DC9827172DA3005AD0AF /* Release */ = {
			isa = XCBuildConfiguration;
			baseConfigurationReference = C518954660034E65AA0A76B9 /* Pods-ImageGallery-STG.release.xcconfig */;
			buildSettings = {
				ASSETCATALOG_COMPILER_APPICON_NAME = AppIcon;
				ASSETCATALOG_COMPILER_GLOBAL_ACCENT_COLOR_NAME = AccentColor;
				CODE_SIGN_STYLE = Automatic;
				DEVELOPMENT_TEAM = HJAK9X8758;
				INFOPLIST_FILE = "App/Supportings/Info-STG.plist";
				LD_RUNPATH_SEARCH_PATHS = (
					"$(inherited)",
					"@executable_path/Frameworks",
				);
				OTHER_SWIFT_FLAGS = "-D STG";
				PRODUCT_BUNDLE_IDENTIFIER = jp.rasel.ImageGallery;
				PRODUCT_NAME = "$(TARGET_NAME)";
				SWIFT_VERSION = 5.0;
				TARGETED_DEVICE_FAMILY = "1,2";
			};
			name = Release;
		};
		EBC8E4EB271D616A00EE6DE5 /* Debug */ = {
			isa = XCBuildConfiguration;
			baseConfigurationReference = 64B961D93698CE1D9F4904C0 /* Pods-ImageGallery-Test.debug.xcconfig */;
			buildSettings = {
				BUNDLE_LOADER = "$(TEST_HOST)";
				CLANG_ENABLE_MODULES = YES;
				CODE_SIGN_STYLE = Automatic;
				DEVELOPMENT_TEAM = HJAK9X8758;
				INFOPLIST_FILE = "Tests/Supportings/Test-Info.plist";
				LD_RUNPATH_SEARCH_PATHS = (
					"$(inherited)",
					"@executable_path/Frameworks",
					"@loader_path/Frameworks",
				);
				PRODUCT_BUNDLE_IDENTIFIER = "jp.rasel.ImageGallery-Test";
				PRODUCT_NAME = "$(TARGET_NAME)";
				SWIFT_OPTIMIZATION_LEVEL = "-Onone";
				SWIFT_VERSION = 5.0;
				TARGETED_DEVICE_FAMILY = "1,2";
				TEST_HOST = "$(BUILT_PRODUCTS_DIR)/ImageGallery-PROD.app/ImageGallery-PROD";
			};
			name = Debug;
		};
		EBC8E4EC271D616A00EE6DE5 /* Release */ = {
			isa = XCBuildConfiguration;
			baseConfigurationReference = F7FAEAF3378063D5AD3CE4BF /* Pods-ImageGallery-Test.release.xcconfig */;
			buildSettings = {
				BUNDLE_LOADER = "$(TEST_HOST)";
				CLANG_ENABLE_MODULES = YES;
				CODE_SIGN_STYLE = Automatic;
				DEVELOPMENT_TEAM = HJAK9X8758;
				INFOPLIST_FILE = "Tests/Supportings/Test-Info.plist";
				LD_RUNPATH_SEARCH_PATHS = (
					"$(inherited)",
					"@executable_path/Frameworks",
					"@loader_path/Frameworks",
				);
				PRODUCT_BUNDLE_IDENTIFIER = "jp.rasel.ImageGallery-Test";
				PRODUCT_NAME = "$(TARGET_NAME)";
				SWIFT_VERSION = 5.0;
				TARGETED_DEVICE_FAMILY = "1,2";
				TEST_HOST = "$(BUILT_PRODUCTS_DIR)/ImageGallery-PROD.app/ImageGallery-PROD";
			};
			name = Release;
		};
/* End XCBuildConfiguration section */

/* Begin XCConfigurationList section */
		EB07DC6127172D7C005AD0AF /* Build configuration list for PBXProject "ImageGallery" */ = {
			isa = XCConfigurationList;
			buildConfigurations = (
				EB07DC7827172D7E005AD0AF /* Debug */,
				EB07DC7927172D7E005AD0AF /* Release */,
			);
			defaultConfigurationIsVisible = 0;
			defaultConfigurationName = Release;
		};
		EB07DC7A27172D7E005AD0AF /* Build configuration list for PBXNativeTarget "ImageGallery-PROD" */ = {
			isa = XCConfigurationList;
			buildConfigurations = (
				EB07DC7B27172D7E005AD0AF /* Debug */,
				EB07DC7C27172D7E005AD0AF /* Release */,
			);
			defaultConfigurationIsVisible = 0;
			defaultConfigurationName = Release;
		};
		EB07DC8727172D91005AD0AF /* Build configuration list for PBXNativeTarget "ImageGallery-DEV" */ = {
			isa = XCConfigurationList;
			buildConfigurations = (
				EB07DC8827172D91005AD0AF /* Debug */,
				EB07DC8927172D91005AD0AF /* Release */,
			);
			defaultConfigurationIsVisible = 0;
			defaultConfigurationName = Release;
		};
		EB07DC9627172DA3005AD0AF /* Build configuration list for PBXNativeTarget "ImageGallery-STG" */ = {
			isa = XCConfigurationList;
			buildConfigurations = (
				EB07DC9727172DA3005AD0AF /* Debug */,
				EB07DC9827172DA3005AD0AF /* Release */,
			);
			defaultConfigurationIsVisible = 0;
			defaultConfigurationName = Release;
		};
		EBC8E4ED271D616A00EE6DE5 /* Build configuration list for PBXNativeTarget "ImageGallery-Test" */ = {
			isa = XCConfigurationList;
			buildConfigurations = (
				EBC8E4EB271D616A00EE6DE5 /* Debug */,
				EBC8E4EC271D616A00EE6DE5 /* Release */,
			);
			defaultConfigurationIsVisible = 0;
			defaultConfigurationName = Release;
		};
/* End XCConfigurationList section */
	};
	rootObject = EB07DC5E27172D7C005AD0AF /* Project object */;
}
